
Microsoft Visual Studio Solution File, Format Version 12.00
# Visual Studio Version 16
VisualStudioVersion = 16.0.30128.74
MinimumVisualStudioVersion = 10.0.40219.1
Project("{FAE04EC0-301F-11D3-BF4B-00C04F79EFBC}") = "msbuildExternalAsyncTask", "msbuildExternalAsyncTask.csproj", "{C32098DE-768D-4521-8C70-119A087D9407}"
EndProject
Project("{2150E333-8FDC-42A3-9474-1A3956D46DE8}") = "Solution Items", "Solution Items", "{47CD0AC3-230A-48F9-A378-573BFB896C37}"
	ProjectSection(SolutionItems) = preProject
		README.md = README.md
	EndProjectSection
EndProject
Project("{FAE04EC0-301F-11D3-BF4B-00C04F79EFBC}") = "msbuildIssue5451", "msbuildIssue5451.csproj", "{5A0294F6-03EA-4B72-B83C-0DCD41BBD214}"
EndProject
Project("{FAE04EC0-301F-11D3-BF4B-00C04F79EFBC}") = "MainConsoleApp", "MainConsoleApp\MainConsoleApp.csproj", "{8FEBC173-A085-43B6-81E7-0AE19B9118DF}"
EndProject
Project("{FAE04EC0-301F-11D3-BF4B-00C04F79EFBC}") = "ExternalAsyncTaskLibrary", "ExternalAsyncTaskLibrary\ExternalAsyncTaskLibrary.csproj", "{0B9FE17F-20E1-4254-848C-8603D5656D97}"
EndProject
Project("{FAE04EC0-301F-11D3-BF4B-00C04F79EFBC}") = "msbuildExternalTask", "msbuildExternalTask.csproj", "{1AD953C1-AA27-4591-836E-C6CE12254A6A}"
EndProject
Project("{FAE04EC0-301F-11D3-BF4B-00C04F79EFBC}") = "ExternalTaskLibrary", "ExternalTaskLibrary\ExternalTaskLibrary.csproj", "{9524332C-E1A6-4DEB-9C5B-D3C073838C45}"
EndProject
Project("{FAE04EC0-301F-11D3-BF4B-00C04F79EFBC}") = "msbuildInlineProcessShellTask", "msbuildInlineProcessShellTask.csproj", "{A81468A3-1349-4B32-8ED5-3D06DB6BFACD}"
EndProject
Project("{FAE04EC0-301F-11D3-BF4B-00C04F79EFBC}") = "msbuildInlineProcessTask", "msbuildInlineProcessTask.csproj", "{47B57B8E-F0A9-4A4A-92A3-31471F732780}"
EndProject
Project("{FAE04EC0-301F-11D3-BF4B-00C04F79EFBC}") = "msbuildInlineProcessWaitForExitTask", "msbuildInlineProcessWaitForExitTask.csproj", "{7D6AECDE-12E6-4851-9397-BAEFD5376086}"
EndProject
Project("{9A19103F-16F7-4668-BE54-9A1E7A4F7556}") = "msbuildRealtimeTask", "RealtimeTask\msbuildRealtimeTask.csproj", "{070B182C-A1A8-40CF-B781-74CC50CA66E6}"
EndProject
Project("{FAE04EC0-301F-11D3-BF4B-00C04F79EFBC}") = "ConsoleApp", "ConsoleApp\ConsoleApp.csproj", "{9ABE3124-06E7-47F8-A9FD-545290786404}"
EndProject
Project("{9A19103F-16F7-4668-BE54-9A1E7A4F7556}") = "ConsoleAppRealtime", "ConsoleAppRealtime\ConsoleAppRealtime.csproj", "{6EDBEA1D-5E60-43F8-AF24-567EABC5DC86}"
EndProject
Project("{FAE04EC0-301F-11D3-BF4B-00C04F79EFBC}") = "ConsoleAppRealtimeDefault", "ConsoleAppRealtimeDefault\ConsoleAppRealtimeDefault.csproj", "{47B57B8E-F0A9-4A4A-92A3-31471F732781}"
EndProject
Project("{9A19103F-16F7-4668-BE54-9A1E7A4F7556}") = "ConsoleAppRealtimeTest", "ConsoleAppRealtimeTest\ConsoleAppRealtimeTest.csproj", "{940ED899-469B-45EC-82F4-E7158F981BCC}"
EndProject
Project("{9A19103F-16F7-4668-BE54-9A1E7A4F7556}") = "VerilogBuild", "VerilogBuild\VerilogBuild.csproj", "{ABB344AE-1B12-45C6-B99C-4EC327E125FD}"
EndProject
Global
	GlobalSection(SolutionConfigurationPlatforms) = preSolution
		Debug|Any CPU = Debug|Any CPU
		Debug|iCEBreaker = Debug|iCEBreaker
		Debug|ULX3S ECP5-12K = Debug|ULX3S ECP5-12K
		Debug|ULX3S ECP5-45K = Debug|ULX3S ECP5-45K
		Debug|ULX3S ECP5-85K = Debug|ULX3S ECP5-85K
		Release|Any CPU = Release|Any CPU
		Release|iCEBreaker = Release|iCEBreaker
		Release|ULX3S ECP5-12K = Release|ULX3S ECP5-12K
		Release|ULX3S ECP5-45K = Release|ULX3S ECP5-45K
		Release|ULX3S ECP5-85K = Release|ULX3S ECP5-85K
		Upload|Any CPU = Upload|Any CPU
		Upload|iCEBreaker = Upload|iCEBreaker
		Upload|ULX3S ECP5-12K = Upload|ULX3S ECP5-12K
		Upload|ULX3S ECP5-45K = Upload|ULX3S ECP5-45K
		Upload|ULX3S ECP5-85K = Upload|ULX3S ECP5-85K
		Verify|Any CPU = Verify|Any CPU
		Verify|iCEBreaker = Verify|iCEBreaker
		Verify|ULX3S ECP5-12K = Verify|ULX3S ECP5-12K
		Verify|ULX3S ECP5-45K = Verify|ULX3S ECP5-45K
		Verify|ULX3S ECP5-85K = Verify|ULX3S ECP5-85K
	EndGlobalSection
	GlobalSection(ProjectConfigurationPlatforms) = postSolution
		{C32098DE-768D-4521-8C70-119A087D9407}.Debug|Any CPU.ActiveCfg = Debug|Any CPU
		{C32098DE-768D-4521-8C70-119A087D9407}.Debug|Any CPU.Build.0 = Debug|Any CPU
		{C32098DE-768D-4521-8C70-119A087D9407}.Debug|iCEBreaker.ActiveCfg = Debug|Any CPU
		{C32098DE-768D-4521-8C70-119A087D9407}.Debug|iCEBreaker.Build.0 = Debug|Any CPU
		{C32098DE-768D-4521-8C70-119A087D9407}.Debug|ULX3S ECP5-12K.ActiveCfg = Debug|Any CPU
		{C32098DE-768D-4521-8C70-119A087D9407}.Debug|ULX3S ECP5-12K.Build.0 = Debug|Any CPU
		{C32098DE-768D-4521-8C70-119A087D9407}.Debug|ULX3S ECP5-45K.ActiveCfg = Debug|Any CPU
		{C32098DE-768D-4521-8C70-119A087D9407}.Debug|ULX3S ECP5-45K.Build.0 = Debug|Any CPU
		{C32098DE-768D-4521-8C70-119A087D9407}.Debug|ULX3S ECP5-85K.ActiveCfg = Debug|Any CPU
		{C32098DE-768D-4521-8C70-119A087D9407}.Debug|ULX3S ECP5-85K.Build.0 = Debug|Any CPU
		{C32098DE-768D-4521-8C70-119A087D9407}.Release|Any CPU.ActiveCfg = Debug|Any CPU
		{C32098DE-768D-4521-8C70-119A087D9407}.Release|Any CPU.Build.0 = Debug|Any CPU
		{C32098DE-768D-4521-8C70-119A087D9407}.Release|iCEBreaker.ActiveCfg = Debug|Any CPU
		{C32098DE-768D-4521-8C70-119A087D9407}.Release|iCEBreaker.Build.0 = Debug|Any CPU
		{C32098DE-768D-4521-8C70-119A087D9407}.Release|ULX3S ECP5-12K.ActiveCfg = Debug|Any CPU
		{C32098DE-768D-4521-8C70-119A087D9407}.Release|ULX3S ECP5-12K.Build.0 = Debug|Any CPU
		{C32098DE-768D-4521-8C70-119A087D9407}.Release|ULX3S ECP5-45K.ActiveCfg = Debug|Any CPU
		{C32098DE-768D-4521-8C70-119A087D9407}.Release|ULX3S ECP5-45K.Build.0 = Debug|Any CPU
		{C32098DE-768D-4521-8C70-119A087D9407}.Release|ULX3S ECP5-85K.ActiveCfg = Debug|Any CPU
		{C32098DE-768D-4521-8C70-119A087D9407}.Release|ULX3S ECP5-85K.Build.0 = Debug|Any CPU
		{C32098DE-768D-4521-8C70-119A087D9407}.Upload|Any CPU.ActiveCfg = Debug|Any CPU
		{C32098DE-768D-4521-8C70-119A087D9407}.Upload|Any CPU.Build.0 = Debug|Any CPU
		{C32098DE-768D-4521-8C70-119A087D9407}.Upload|iCEBreaker.ActiveCfg = Debug|Any CPU
		{C32098DE-768D-4521-8C70-119A087D9407}.Upload|iCEBreaker.Build.0 = Debug|Any CPU
		{C32098DE-768D-4521-8C70-119A087D9407}.Upload|ULX3S ECP5-12K.ActiveCfg = Debug|Any CPU
		{C32098DE-768D-4521-8C70-119A087D9407}.Upload|ULX3S ECP5-12K.Build.0 = Debug|Any CPU
		{C32098DE-768D-4521-8C70-119A087D9407}.Upload|ULX3S ECP5-45K.ActiveCfg = Debug|Any CPU
		{C32098DE-768D-4521-8C70-119A087D9407}.Upload|ULX3S ECP5-45K.Build.0 = Debug|Any CPU
		{C32098DE-768D-4521-8C70-119A087D9407}.Upload|ULX3S ECP5-85K.ActiveCfg = Debug|Any CPU
		{C32098DE-768D-4521-8C70-119A087D9407}.Upload|ULX3S ECP5-85K.Build.0 = Debug|Any CPU
		{C32098DE-768D-4521-8C70-119A087D9407}.Verify|Any CPU.ActiveCfg = Debug|Any CPU
		{C32098DE-768D-4521-8C70-119A087D9407}.Verify|Any CPU.Build.0 = Debug|Any CPU
		{C32098DE-768D-4521-8C70-119A087D9407}.Verify|iCEBreaker.ActiveCfg = Debug|Any CPU
		{C32098DE-768D-4521-8C70-119A087D9407}.Verify|iCEBreaker.Build.0 = Debug|Any CPU
		{C32098DE-768D-4521-8C70-119A087D9407}.Verify|ULX3S ECP5-12K.ActiveCfg = Debug|Any CPU
		{C32098DE-768D-4521-8C70-119A087D9407}.Verify|ULX3S ECP5-12K.Build.0 = Debug|Any CPU
		{C32098DE-768D-4521-8C70-119A087D9407}.Verify|ULX3S ECP5-45K.ActiveCfg = Debug|Any CPU
		{C32098DE-768D-4521-8C70-119A087D9407}.Verify|ULX3S ECP5-45K.Build.0 = Debug|Any CPU
		{C32098DE-768D-4521-8C70-119A087D9407}.Verify|ULX3S ECP5-85K.ActiveCfg = Debug|Any CPU
		{C32098DE-768D-4521-8C70-119A087D9407}.Verify|ULX3S ECP5-85K.Build.0 = Debug|Any CPU
		{5A0294F6-03EA-4B72-B83C-0DCD41BBD214}.Debug|Any CPU.ActiveCfg = Debug|Any CPU
		{5A0294F6-03EA-4B72-B83C-0DCD41BBD214}.Debug|Any CPU.Build.0 = Debug|Any CPU
		{5A0294F6-03EA-4B72-B83C-0DCD41BBD214}.Debug|iCEBreaker.ActiveCfg = Debug|Any CPU
		{5A0294F6-03EA-4B72-B83C-0DCD41BBD214}.Debug|iCEBreaker.Build.0 = Debug|Any CPU
		{5A0294F6-03EA-4B72-B83C-0DCD41BBD214}.Debug|ULX3S ECP5-12K.ActiveCfg = Debug|Any CPU
		{5A0294F6-03EA-4B72-B83C-0DCD41BBD214}.Debug|ULX3S ECP5-12K.Build.0 = Debug|Any CPU
		{5A0294F6-03EA-4B72-B83C-0DCD41BBD214}.Debug|ULX3S ECP5-45K.ActiveCfg = Debug|Any CPU
		{5A0294F6-03EA-4B72-B83C-0DCD41BBD214}.Debug|ULX3S ECP5-45K.Build.0 = Debug|Any CPU
		{5A0294F6-03EA-4B72-B83C-0DCD41BBD214}.Debug|ULX3S ECP5-85K.ActiveCfg = Debug|Any CPU
		{5A0294F6-03EA-4B72-B83C-0DCD41BBD214}.Debug|ULX3S ECP5-85K.Build.0 = Debug|Any CPU
		{5A0294F6-03EA-4B72-B83C-0DCD41BBD214}.Release|Any CPU.ActiveCfg = Debug|Any CPU
		{5A0294F6-03EA-4B72-B83C-0DCD41BBD214}.Release|Any CPU.Build.0 = Debug|Any CPU
		{5A0294F6-03EA-4B72-B83C-0DCD41BBD214}.Release|iCEBreaker.ActiveCfg = Debug|Any CPU
		{5A0294F6-03EA-4B72-B83C-0DCD41BBD214}.Release|iCEBreaker.Build.0 = Debug|Any CPU
		{5A0294F6-03EA-4B72-B83C-0DCD41BBD214}.Release|ULX3S ECP5-12K.ActiveCfg = Debug|Any CPU
		{5A0294F6-03EA-4B72-B83C-0DCD41BBD214}.Release|ULX3S ECP5-12K.Build.0 = Debug|Any CPU
		{5A0294F6-03EA-4B72-B83C-0DCD41BBD214}.Release|ULX3S ECP5-45K.ActiveCfg = Debug|Any CPU
		{5A0294F6-03EA-4B72-B83C-0DCD41BBD214}.Release|ULX3S ECP5-45K.Build.0 = Debug|Any CPU
		{5A0294F6-03EA-4B72-B83C-0DCD41BBD214}.Release|ULX3S ECP5-85K.ActiveCfg = Debug|Any CPU
		{5A0294F6-03EA-4B72-B83C-0DCD41BBD214}.Release|ULX3S ECP5-85K.Build.0 = Debug|Any CPU
		{5A0294F6-03EA-4B72-B83C-0DCD41BBD214}.Upload|Any CPU.ActiveCfg = Debug|Any CPU
		{5A0294F6-03EA-4B72-B83C-0DCD41BBD214}.Upload|Any CPU.Build.0 = Debug|Any CPU
		{5A0294F6-03EA-4B72-B83C-0DCD41BBD214}.Upload|iCEBreaker.ActiveCfg = Debug|Any CPU
		{5A0294F6-03EA-4B72-B83C-0DCD41BBD214}.Upload|iCEBreaker.Build.0 = Debug|Any CPU
		{5A0294F6-03EA-4B72-B83C-0DCD41BBD214}.Upload|ULX3S ECP5-12K.ActiveCfg = Debug|Any CPU
		{5A0294F6-03EA-4B72-B83C-0DCD41BBD214}.Upload|ULX3S ECP5-12K.Build.0 = Debug|Any CPU
		{5A0294F6-03EA-4B72-B83C-0DCD41BBD214}.Upload|ULX3S ECP5-45K.ActiveCfg = Debug|Any CPU
		{5A0294F6-03EA-4B72-B83C-0DCD41BBD214}.Upload|ULX3S ECP5-45K.Build.0 = Debug|Any CPU
		{5A0294F6-03EA-4B72-B83C-0DCD41BBD214}.Upload|ULX3S ECP5-85K.ActiveCfg = Debug|Any CPU
		{5A0294F6-03EA-4B72-B83C-0DCD41BBD214}.Upload|ULX3S ECP5-85K.Build.0 = Debug|Any CPU
		{5A0294F6-03EA-4B72-B83C-0DCD41BBD214}.Verify|Any CPU.ActiveCfg = Debug|Any CPU
		{5A0294F6-03EA-4B72-B83C-0DCD41BBD214}.Verify|Any CPU.Build.0 = Debug|Any CPU
		{5A0294F6-03EA-4B72-B83C-0DCD41BBD214}.Verify|iCEBreaker.ActiveCfg = Debug|Any CPU
		{5A0294F6-03EA-4B72-B83C-0DCD41BBD214}.Verify|iCEBreaker.Build.0 = Debug|Any CPU
		{5A0294F6-03EA-4B72-B83C-0DCD41BBD214}.Verify|ULX3S ECP5-12K.ActiveCfg = Debug|Any CPU
		{5A0294F6-03EA-4B72-B83C-0DCD41BBD214}.Verify|ULX3S ECP5-12K.Build.0 = Debug|Any CPU
		{5A0294F6-03EA-4B72-B83C-0DCD41BBD214}.Verify|ULX3S ECP5-45K.ActiveCfg = Debug|Any CPU
		{5A0294F6-03EA-4B72-B83C-0DCD41BBD214}.Verify|ULX3S ECP5-45K.Build.0 = Debug|Any CPU
		{5A0294F6-03EA-4B72-B83C-0DCD41BBD214}.Verify|ULX3S ECP5-85K.ActiveCfg = Debug|Any CPU
		{5A0294F6-03EA-4B72-B83C-0DCD41BBD214}.Verify|ULX3S ECP5-85K.Build.0 = Debug|Any CPU
		{8FEBC173-A085-43B6-81E7-0AE19B9118DF}.Debug|Any CPU.ActiveCfg = Debug|Any CPU
		{8FEBC173-A085-43B6-81E7-0AE19B9118DF}.Debug|Any CPU.Build.0 = Debug|Any CPU
		{8FEBC173-A085-43B6-81E7-0AE19B9118DF}.Debug|iCEBreaker.ActiveCfg = Debug|Any CPU
		{8FEBC173-A085-43B6-81E7-0AE19B9118DF}.Debug|iCEBreaker.Build.0 = Debug|Any CPU
		{8FEBC173-A085-43B6-81E7-0AE19B9118DF}.Debug|ULX3S ECP5-12K.ActiveCfg = Debug|Any CPU
		{8FEBC173-A085-43B6-81E7-0AE19B9118DF}.Debug|ULX3S ECP5-12K.Build.0 = Debug|Any CPU
		{8FEBC173-A085-43B6-81E7-0AE19B9118DF}.Debug|ULX3S ECP5-45K.ActiveCfg = Debug|Any CPU
		{8FEBC173-A085-43B6-81E7-0AE19B9118DF}.Debug|ULX3S ECP5-45K.Build.0 = Debug|Any CPU
		{8FEBC173-A085-43B6-81E7-0AE19B9118DF}.Debug|ULX3S ECP5-85K.ActiveCfg = Debug|Any CPU
		{8FEBC173-A085-43B6-81E7-0AE19B9118DF}.Debug|ULX3S ECP5-85K.Build.0 = Debug|Any CPU
		{8FEBC173-A085-43B6-81E7-0AE19B9118DF}.Release|Any CPU.ActiveCfg = Release|Any CPU
		{8FEBC173-A085-43B6-81E7-0AE19B9118DF}.Release|Any CPU.Build.0 = Release|Any CPU
		{8FEBC173-A085-43B6-81E7-0AE19B9118DF}.Release|iCEBreaker.ActiveCfg = Release|Any CPU
		{8FEBC173-A085-43B6-81E7-0AE19B9118DF}.Release|iCEBreaker.Build.0 = Release|Any CPU
		{8FEBC173-A085-43B6-81E7-0AE19B9118DF}.Release|ULX3S ECP5-12K.ActiveCfg = Release|Any CPU
		{8FEBC173-A085-43B6-81E7-0AE19B9118DF}.Release|ULX3S ECP5-12K.Build.0 = Release|Any CPU
		{8FEBC173-A085-43B6-81E7-0AE19B9118DF}.Release|ULX3S ECP5-45K.ActiveCfg = Release|Any CPU
		{8FEBC173-A085-43B6-81E7-0AE19B9118DF}.Release|ULX3S ECP5-45K.Build.0 = Release|Any CPU
		{8FEBC173-A085-43B6-81E7-0AE19B9118DF}.Release|ULX3S ECP5-85K.ActiveCfg = Release|Any CPU
		{8FEBC173-A085-43B6-81E7-0AE19B9118DF}.Release|ULX3S ECP5-85K.Build.0 = Release|Any CPU
		{8FEBC173-A085-43B6-81E7-0AE19B9118DF}.Upload|Any CPU.ActiveCfg = Release|Any CPU
		{8FEBC173-A085-43B6-81E7-0AE19B9118DF}.Upload|Any CPU.Build.0 = Release|Any CPU
		{8FEBC173-A085-43B6-81E7-0AE19B9118DF}.Upload|iCEBreaker.ActiveCfg = Release|Any CPU
		{8FEBC173-A085-43B6-81E7-0AE19B9118DF}.Upload|iCEBreaker.Build.0 = Release|Any CPU
		{8FEBC173-A085-43B6-81E7-0AE19B9118DF}.Upload|ULX3S ECP5-12K.ActiveCfg = Release|Any CPU
		{8FEBC173-A085-43B6-81E7-0AE19B9118DF}.Upload|ULX3S ECP5-12K.Build.0 = Release|Any CPU
		{8FEBC173-A085-43B6-81E7-0AE19B9118DF}.Upload|ULX3S ECP5-45K.ActiveCfg = Release|Any CPU
		{8FEBC173-A085-43B6-81E7-0AE19B9118DF}.Upload|ULX3S ECP5-45K.Build.0 = Release|Any CPU
		{8FEBC173-A085-43B6-81E7-0AE19B9118DF}.Upload|ULX3S ECP5-85K.ActiveCfg = Release|Any CPU
		{8FEBC173-A085-43B6-81E7-0AE19B9118DF}.Upload|ULX3S ECP5-85K.Build.0 = Release|Any CPU
		{8FEBC173-A085-43B6-81E7-0AE19B9118DF}.Verify|Any CPU.ActiveCfg = Release|Any CPU
		{8FEBC173-A085-43B6-81E7-0AE19B9118DF}.Verify|Any CPU.Build.0 = Release|Any CPU
		{8FEBC173-A085-43B6-81E7-0AE19B9118DF}.Verify|iCEBreaker.ActiveCfg = Release|Any CPU
		{8FEBC173-A085-43B6-81E7-0AE19B9118DF}.Verify|iCEBreaker.Build.0 = Release|Any CPU
		{8FEBC173-A085-43B6-81E7-0AE19B9118DF}.Verify|ULX3S ECP5-12K.ActiveCfg = Release|Any CPU
		{8FEBC173-A085-43B6-81E7-0AE19B9118DF}.Verify|ULX3S ECP5-12K.Build.0 = Release|Any CPU
		{8FEBC173-A085-43B6-81E7-0AE19B9118DF}.Verify|ULX3S ECP5-45K.ActiveCfg = Release|Any CPU
		{8FEBC173-A085-43B6-81E7-0AE19B9118DF}.Verify|ULX3S ECP5-45K.Build.0 = Release|Any CPU
		{8FEBC173-A085-43B6-81E7-0AE19B9118DF}.Verify|ULX3S ECP5-85K.ActiveCfg = Release|Any CPU
		{8FEBC173-A085-43B6-81E7-0AE19B9118DF}.Verify|ULX3S ECP5-85K.Build.0 = Release|Any CPU
		{0B9FE17F-20E1-4254-848C-8603D5656D97}.Debug|Any CPU.ActiveCfg = Debug|Any CPU
		{0B9FE17F-20E1-4254-848C-8603D5656D97}.Debug|Any CPU.Build.0 = Debug|Any CPU
		{0B9FE17F-20E1-4254-848C-8603D5656D97}.Debug|iCEBreaker.ActiveCfg = Debug|Any CPU
		{0B9FE17F-20E1-4254-848C-8603D5656D97}.Debug|iCEBreaker.Build.0 = Debug|Any CPU
		{0B9FE17F-20E1-4254-848C-8603D5656D97}.Debug|ULX3S ECP5-12K.ActiveCfg = Debug|Any CPU
		{0B9FE17F-20E1-4254-848C-8603D5656D97}.Debug|ULX3S ECP5-12K.Build.0 = Debug|Any CPU
		{0B9FE17F-20E1-4254-848C-8603D5656D97}.Debug|ULX3S ECP5-45K.ActiveCfg = Debug|Any CPU
		{0B9FE17F-20E1-4254-848C-8603D5656D97}.Debug|ULX3S ECP5-45K.Build.0 = Debug|Any CPU
		{0B9FE17F-20E1-4254-848C-8603D5656D97}.Debug|ULX3S ECP5-85K.ActiveCfg = Debug|Any CPU
		{0B9FE17F-20E1-4254-848C-8603D5656D97}.Debug|ULX3S ECP5-85K.Build.0 = Debug|Any CPU
		{0B9FE17F-20E1-4254-848C-8603D5656D97}.Release|Any CPU.ActiveCfg = Release|Any CPU
		{0B9FE17F-20E1-4254-848C-8603D5656D97}.Release|Any CPU.Build.0 = Release|Any CPU
		{0B9FE17F-20E1-4254-848C-8603D5656D97}.Release|iCEBreaker.ActiveCfg = Release|Any CPU
		{0B9FE17F-20E1-4254-848C-8603D5656D97}.Release|iCEBreaker.Build.0 = Release|Any CPU
		{0B9FE17F-20E1-4254-848C-8603D5656D97}.Release|ULX3S ECP5-12K.ActiveCfg = Release|Any CPU
		{0B9FE17F-20E1-4254-848C-8603D5656D97}.Release|ULX3S ECP5-12K.Build.0 = Release|Any CPU
		{0B9FE17F-20E1-4254-848C-8603D5656D97}.Release|ULX3S ECP5-45K.ActiveCfg = Release|Any CPU
		{0B9FE17F-20E1-4254-848C-8603D5656D97}.Release|ULX3S ECP5-45K.Build.0 = Release|Any CPU
		{0B9FE17F-20E1-4254-848C-8603D5656D97}.Release|ULX3S ECP5-85K.ActiveCfg = Release|Any CPU
		{0B9FE17F-20E1-4254-848C-8603D5656D97}.Release|ULX3S ECP5-85K.Build.0 = Release|Any CPU
		{0B9FE17F-20E1-4254-848C-8603D5656D97}.Upload|Any CPU.ActiveCfg = Release|Any CPU
		{0B9FE17F-20E1-4254-848C-8603D5656D97}.Upload|Any CPU.Build.0 = Release|Any CPU
		{0B9FE17F-20E1-4254-848C-8603D5656D97}.Upload|iCEBreaker.ActiveCfg = Release|Any CPU
		{0B9FE17F-20E1-4254-848C-8603D5656D97}.Upload|iCEBreaker.Build.0 = Release|Any CPU
		{0B9FE17F-20E1-4254-848C-8603D5656D97}.Upload|ULX3S ECP5-12K.ActiveCfg = Release|Any CPU
		{0B9FE17F-20E1-4254-848C-8603D5656D97}.Upload|ULX3S ECP5-12K.Build.0 = Release|Any CPU
		{0B9FE17F-20E1-4254-848C-8603D5656D97}.Upload|ULX3S ECP5-45K.ActiveCfg = Release|Any CPU
		{0B9FE17F-20E1-4254-848C-8603D5656D97}.Upload|ULX3S ECP5-45K.Build.0 = Release|Any CPU
		{0B9FE17F-20E1-4254-848C-8603D5656D97}.Upload|ULX3S ECP5-85K.ActiveCfg = Release|Any CPU
		{0B9FE17F-20E1-4254-848C-8603D5656D97}.Upload|ULX3S ECP5-85K.Build.0 = Release|Any CPU
		{0B9FE17F-20E1-4254-848C-8603D5656D97}.Verify|Any CPU.ActiveCfg = Release|Any CPU
		{0B9FE17F-20E1-4254-848C-8603D5656D97}.Verify|Any CPU.Build.0 = Release|Any CPU
		{0B9FE17F-20E1-4254-848C-8603D5656D97}.Verify|iCEBreaker.ActiveCfg = Release|Any CPU
		{0B9FE17F-20E1-4254-848C-8603D5656D97}.Verify|iCEBreaker.Build.0 = Release|Any CPU
		{0B9FE17F-20E1-4254-848C-8603D5656D97}.Verify|ULX3S ECP5-12K.ActiveCfg = Release|Any CPU
		{0B9FE17F-20E1-4254-848C-8603D5656D97}.Verify|ULX3S ECP5-12K.Build.0 = Release|Any CPU
		{0B9FE17F-20E1-4254-848C-8603D5656D97}.Verify|ULX3S ECP5-45K.ActiveCfg = Release|Any CPU
		{0B9FE17F-20E1-4254-848C-8603D5656D97}.Verify|ULX3S ECP5-45K.Build.0 = Release|Any CPU
		{0B9FE17F-20E1-4254-848C-8603D5656D97}.Verify|ULX3S ECP5-85K.ActiveCfg = Release|Any CPU
		{0B9FE17F-20E1-4254-848C-8603D5656D97}.Verify|ULX3S ECP5-85K.Build.0 = Release|Any CPU
		{1AD953C1-AA27-4591-836E-C6CE12254A6A}.Debug|Any CPU.ActiveCfg = Debug|Any CPU
		{1AD953C1-AA27-4591-836E-C6CE12254A6A}.Debug|Any CPU.Build.0 = Debug|Any CPU
		{1AD953C1-AA27-4591-836E-C6CE12254A6A}.Debug|iCEBreaker.ActiveCfg = Debug|Any CPU
		{1AD953C1-AA27-4591-836E-C6CE12254A6A}.Debug|iCEBreaker.Build.0 = Debug|Any CPU
		{1AD953C1-AA27-4591-836E-C6CE12254A6A}.Debug|ULX3S ECP5-12K.ActiveCfg = Debug|Any CPU
		{1AD953C1-AA27-4591-836E-C6CE12254A6A}.Debug|ULX3S ECP5-12K.Build.0 = Debug|Any CPU
		{1AD953C1-AA27-4591-836E-C6CE12254A6A}.Debug|ULX3S ECP5-45K.ActiveCfg = Debug|Any CPU
		{1AD953C1-AA27-4591-836E-C6CE12254A6A}.Debug|ULX3S ECP5-45K.Build.0 = Debug|Any CPU
		{1AD953C1-AA27-4591-836E-C6CE12254A6A}.Debug|ULX3S ECP5-85K.ActiveCfg = Debug|Any CPU
		{1AD953C1-AA27-4591-836E-C6CE12254A6A}.Debug|ULX3S ECP5-85K.Build.0 = Debug|Any CPU
		{1AD953C1-AA27-4591-836E-C6CE12254A6A}.Release|Any CPU.ActiveCfg = Debug|Any CPU
		{1AD953C1-AA27-4591-836E-C6CE12254A6A}.Release|Any CPU.Build.0 = Debug|Any CPU
		{1AD953C1-AA27-4591-836E-C6CE12254A6A}.Release|iCEBreaker.ActiveCfg = Debug|Any CPU
		{1AD953C1-AA27-4591-836E-C6CE12254A6A}.Release|iCEBreaker.Build.0 = Debug|Any CPU
		{1AD953C1-AA27-4591-836E-C6CE12254A6A}.Release|ULX3S ECP5-12K.ActiveCfg = Debug|Any CPU
		{1AD953C1-AA27-4591-836E-C6CE12254A6A}.Release|ULX3S ECP5-12K.Build.0 = Debug|Any CPU
		{1AD953C1-AA27-4591-836E-C6CE12254A6A}.Release|ULX3S ECP5-45K.ActiveCfg = Debug|Any CPU
		{1AD953C1-AA27-4591-836E-C6CE12254A6A}.Release|ULX3S ECP5-45K.Build.0 = Debug|Any CPU
		{1AD953C1-AA27-4591-836E-C6CE12254A6A}.Release|ULX3S ECP5-85K.ActiveCfg = Debug|Any CPU
		{1AD953C1-AA27-4591-836E-C6CE12254A6A}.Release|ULX3S ECP5-85K.Build.0 = Debug|Any CPU
		{1AD953C1-AA27-4591-836E-C6CE12254A6A}.Upload|Any CPU.ActiveCfg = Debug|Any CPU
		{1AD953C1-AA27-4591-836E-C6CE12254A6A}.Upload|Any CPU.Build.0 = Debug|Any CPU
		{1AD953C1-AA27-4591-836E-C6CE12254A6A}.Upload|iCEBreaker.ActiveCfg = Debug|Any CPU
		{1AD953C1-AA27-4591-836E-C6CE12254A6A}.Upload|iCEBreaker.Build.0 = Debug|Any CPU
		{1AD953C1-AA27-4591-836E-C6CE12254A6A}.Upload|ULX3S ECP5-12K.ActiveCfg = Debug|Any CPU
		{1AD953C1-AA27-4591-836E-C6CE12254A6A}.Upload|ULX3S ECP5-12K.Build.0 = Debug|Any CPU
		{1AD953C1-AA27-4591-836E-C6CE12254A6A}.Upload|ULX3S ECP5-45K.ActiveCfg = Debug|Any CPU
		{1AD953C1-AA27-4591-836E-C6CE12254A6A}.Upload|ULX3S ECP5-45K.Build.0 = Debug|Any CPU
		{1AD953C1-AA27-4591-836E-C6CE12254A6A}.Upload|ULX3S ECP5-85K.ActiveCfg = Debug|Any CPU
		{1AD953C1-AA27-4591-836E-C6CE12254A6A}.Upload|ULX3S ECP5-85K.Build.0 = Debug|Any CPU
		{1AD953C1-AA27-4591-836E-C6CE12254A6A}.Verify|Any CPU.ActiveCfg = Debug|Any CPU
		{1AD953C1-AA27-4591-836E-C6CE12254A6A}.Verify|Any CPU.Build.0 = Debug|Any CPU
		{1AD953C1-AA27-4591-836E-C6CE12254A6A}.Verify|iCEBreaker.ActiveCfg = Debug|Any CPU
		{1AD953C1-AA27-4591-836E-C6CE12254A6A}.Verify|iCEBreaker.Build.0 = Debug|Any CPU
		{1AD953C1-AA27-4591-836E-C6CE12254A6A}.Verify|ULX3S ECP5-12K.ActiveCfg = Debug|Any CPU
		{1AD953C1-AA27-4591-836E-C6CE12254A6A}.Verify|ULX3S ECP5-12K.Build.0 = Debug|Any CPU
		{1AD953C1-AA27-4591-836E-C6CE12254A6A}.Verify|ULX3S ECP5-45K.ActiveCfg = Debug|Any CPU
		{1AD953C1-AA27-4591-836E-C6CE12254A6A}.Verify|ULX3S ECP5-45K.Build.0 = Debug|Any CPU
		{1AD953C1-AA27-4591-836E-C6CE12254A6A}.Verify|ULX3S ECP5-85K.ActiveCfg = Debug|Any CPU
		{1AD953C1-AA27-4591-836E-C6CE12254A6A}.Verify|ULX3S ECP5-85K.Build.0 = Debug|Any CPU
		{9524332C-E1A6-4DEB-9C5B-D3C073838C45}.Debug|Any CPU.ActiveCfg = Debug|Any CPU
		{9524332C-E1A6-4DEB-9C5B-D3C073838C45}.Debug|Any CPU.Build.0 = Debug|Any CPU
		{9524332C-E1A6-4DEB-9C5B-D3C073838C45}.Debug|iCEBreaker.ActiveCfg = Debug|Any CPU
		{9524332C-E1A6-4DEB-9C5B-D3C073838C45}.Debug|iCEBreaker.Build.0 = Debug|Any CPU
		{9524332C-E1A6-4DEB-9C5B-D3C073838C45}.Debug|ULX3S ECP5-12K.ActiveCfg = Debug|Any CPU
		{9524332C-E1A6-4DEB-9C5B-D3C073838C45}.Debug|ULX3S ECP5-12K.Build.0 = Debug|Any CPU
		{9524332C-E1A6-4DEB-9C5B-D3C073838C45}.Debug|ULX3S ECP5-45K.ActiveCfg = Debug|Any CPU
		{9524332C-E1A6-4DEB-9C5B-D3C073838C45}.Debug|ULX3S ECP5-45K.Build.0 = Debug|Any CPU
		{9524332C-E1A6-4DEB-9C5B-D3C073838C45}.Debug|ULX3S ECP5-85K.ActiveCfg = Debug|Any CPU
		{9524332C-E1A6-4DEB-9C5B-D3C073838C45}.Debug|ULX3S ECP5-85K.Build.0 = Debug|Any CPU
		{9524332C-E1A6-4DEB-9C5B-D3C073838C45}.Release|Any CPU.ActiveCfg = Release|Any CPU
		{9524332C-E1A6-4DEB-9C5B-D3C073838C45}.Release|Any CPU.Build.0 = Release|Any CPU
		{9524332C-E1A6-4DEB-9C5B-D3C073838C45}.Release|iCEBreaker.ActiveCfg = Release|Any CPU
		{9524332C-E1A6-4DEB-9C5B-D3C073838C45}.Release|iCEBreaker.Build.0 = Release|Any CPU
		{9524332C-E1A6-4DEB-9C5B-D3C073838C45}.Release|ULX3S ECP5-12K.ActiveCfg = Release|Any CPU
		{9524332C-E1A6-4DEB-9C5B-D3C073838C45}.Release|ULX3S ECP5-12K.Build.0 = Release|Any CPU
		{9524332C-E1A6-4DEB-9C5B-D3C073838C45}.Release|ULX3S ECP5-45K.ActiveCfg = Release|Any CPU
		{9524332C-E1A6-4DEB-9C5B-D3C073838C45}.Release|ULX3S ECP5-45K.Build.0 = Release|Any CPU
		{9524332C-E1A6-4DEB-9C5B-D3C073838C45}.Release|ULX3S ECP5-85K.ActiveCfg = Release|Any CPU
		{9524332C-E1A6-4DEB-9C5B-D3C073838C45}.Release|ULX3S ECP5-85K.Build.0 = Release|Any CPU
		{9524332C-E1A6-4DEB-9C5B-D3C073838C45}.Upload|Any CPU.ActiveCfg = Release|Any CPU
		{9524332C-E1A6-4DEB-9C5B-D3C073838C45}.Upload|Any CPU.Build.0 = Release|Any CPU
		{9524332C-E1A6-4DEB-9C5B-D3C073838C45}.Upload|iCEBreaker.ActiveCfg = Release|Any CPU
		{9524332C-E1A6-4DEB-9C5B-D3C073838C45}.Upload|iCEBreaker.Build.0 = Release|Any CPU
		{9524332C-E1A6-4DEB-9C5B-D3C073838C45}.Upload|ULX3S ECP5-12K.ActiveCfg = Release|Any CPU
		{9524332C-E1A6-4DEB-9C5B-D3C073838C45}.Upload|ULX3S ECP5-12K.Build.0 = Release|Any CPU
		{9524332C-E1A6-4DEB-9C5B-D3C073838C45}.Upload|ULX3S ECP5-45K.ActiveCfg = Release|Any CPU
		{9524332C-E1A6-4DEB-9C5B-D3C073838C45}.Upload|ULX3S ECP5-45K.Build.0 = Release|Any CPU
		{9524332C-E1A6-4DEB-9C5B-D3C073838C45}.Upload|ULX3S ECP5-85K.ActiveCfg = Release|Any CPU
		{9524332C-E1A6-4DEB-9C5B-D3C073838C45}.Upload|ULX3S ECP5-85K.Build.0 = Release|Any CPU
		{9524332C-E1A6-4DEB-9C5B-D3C073838C45}.Verify|Any CPU.ActiveCfg = Release|Any CPU
		{9524332C-E1A6-4DEB-9C5B-D3C073838C45}.Verify|Any CPU.Build.0 = Release|Any CPU
		{9524332C-E1A6-4DEB-9C5B-D3C073838C45}.Verify|iCEBreaker.ActiveCfg = Release|Any CPU
		{9524332C-E1A6-4DEB-9C5B-D3C073838C45}.Verify|iCEBreaker.Build.0 = Release|Any CPU
		{9524332C-E1A6-4DEB-9C5B-D3C073838C45}.Verify|ULX3S ECP5-12K.ActiveCfg = Release|Any CPU
		{9524332C-E1A6-4DEB-9C5B-D3C073838C45}.Verify|ULX3S ECP5-12K.Build.0 = Release|Any CPU
		{9524332C-E1A6-4DEB-9C5B-D3C073838C45}.Verify|ULX3S ECP5-45K.ActiveCfg = Release|Any CPU
		{9524332C-E1A6-4DEB-9C5B-D3C073838C45}.Verify|ULX3S ECP5-45K.Build.0 = Release|Any CPU
		{9524332C-E1A6-4DEB-9C5B-D3C073838C45}.Verify|ULX3S ECP5-85K.ActiveCfg = Release|Any CPU
		{9524332C-E1A6-4DEB-9C5B-D3C073838C45}.Verify|ULX3S ECP5-85K.Build.0 = Release|Any CPU
		{A81468A3-1349-4B32-8ED5-3D06DB6BFACD}.Debug|Any CPU.ActiveCfg = Debug|Any CPU
		{A81468A3-1349-4B32-8ED5-3D06DB6BFACD}.Debug|Any CPU.Build.0 = Debug|Any CPU
		{A81468A3-1349-4B32-8ED5-3D06DB6BFACD}.Debug|iCEBreaker.ActiveCfg = Debug|Any CPU
		{A81468A3-1349-4B32-8ED5-3D06DB6BFACD}.Debug|iCEBreaker.Build.0 = Debug|Any CPU
		{A81468A3-1349-4B32-8ED5-3D06DB6BFACD}.Debug|ULX3S ECP5-12K.ActiveCfg = Debug|Any CPU
		{A81468A3-1349-4B32-8ED5-3D06DB6BFACD}.Debug|ULX3S ECP5-12K.Build.0 = Debug|Any CPU
		{A81468A3-1349-4B32-8ED5-3D06DB6BFACD}.Debug|ULX3S ECP5-45K.ActiveCfg = Debug|Any CPU
		{A81468A3-1349-4B32-8ED5-3D06DB6BFACD}.Debug|ULX3S ECP5-45K.Build.0 = Debug|Any CPU
		{A81468A3-1349-4B32-8ED5-3D06DB6BFACD}.Debug|ULX3S ECP5-85K.ActiveCfg = Debug|Any CPU
		{A81468A3-1349-4B32-8ED5-3D06DB6BFACD}.Debug|ULX3S ECP5-85K.Build.0 = Debug|Any CPU
		{A81468A3-1349-4B32-8ED5-3D06DB6BFACD}.Release|Any CPU.ActiveCfg = Debug|Any CPU
		{A81468A3-1349-4B32-8ED5-3D06DB6BFACD}.Release|Any CPU.Build.0 = Debug|Any CPU
		{A81468A3-1349-4B32-8ED5-3D06DB6BFACD}.Release|iCEBreaker.ActiveCfg = Debug|Any CPU
		{A81468A3-1349-4B32-8ED5-3D06DB6BFACD}.Release|iCEBreaker.Build.0 = Debug|Any CPU
		{A81468A3-1349-4B32-8ED5-3D06DB6BFACD}.Release|ULX3S ECP5-12K.ActiveCfg = Debug|Any CPU
		{A81468A3-1349-4B32-8ED5-3D06DB6BFACD}.Release|ULX3S ECP5-12K.Build.0 = Debug|Any CPU
		{A81468A3-1349-4B32-8ED5-3D06DB6BFACD}.Release|ULX3S ECP5-45K.ActiveCfg = Debug|Any CPU
		{A81468A3-1349-4B32-8ED5-3D06DB6BFACD}.Release|ULX3S ECP5-45K.Build.0 = Debug|Any CPU
		{A81468A3-1349-4B32-8ED5-3D06DB6BFACD}.Release|ULX3S ECP5-85K.ActiveCfg = Debug|Any CPU
		{A81468A3-1349-4B32-8ED5-3D06DB6BFACD}.Release|ULX3S ECP5-85K.Build.0 = Debug|Any CPU
		{A81468A3-1349-4B32-8ED5-3D06DB6BFACD}.Upload|Any CPU.ActiveCfg = Debug|Any CPU
		{A81468A3-1349-4B32-8ED5-3D06DB6BFACD}.Upload|Any CPU.Build.0 = Debug|Any CPU
		{A81468A3-1349-4B32-8ED5-3D06DB6BFACD}.Upload|iCEBreaker.ActiveCfg = Debug|Any CPU
		{A81468A3-1349-4B32-8ED5-3D06DB6BFACD}.Upload|iCEBreaker.Build.0 = Debug|Any CPU
		{A81468A3-1349-4B32-8ED5-3D06DB6BFACD}.Upload|ULX3S ECP5-12K.ActiveCfg = Debug|Any CPU
		{A81468A3-1349-4B32-8ED5-3D06DB6BFACD}.Upload|ULX3S ECP5-12K.Build.0 = Debug|Any CPU
		{A81468A3-1349-4B32-8ED5-3D06DB6BFACD}.Upload|ULX3S ECP5-45K.ActiveCfg = Debug|Any CPU
		{A81468A3-1349-4B32-8ED5-3D06DB6BFACD}.Upload|ULX3S ECP5-45K.Build.0 = Debug|Any CPU
		{A81468A3-1349-4B32-8ED5-3D06DB6BFACD}.Upload|ULX3S ECP5-85K.ActiveCfg = Debug|Any CPU
		{A81468A3-1349-4B32-8ED5-3D06DB6BFACD}.Upload|ULX3S ECP5-85K.Build.0 = Debug|Any CPU
		{A81468A3-1349-4B32-8ED5-3D06DB6BFACD}.Verify|Any CPU.ActiveCfg = Debug|Any CPU
		{A81468A3-1349-4B32-8ED5-3D06DB6BFACD}.Verify|Any CPU.Build.0 = Debug|Any CPU
		{A81468A3-1349-4B32-8ED5-3D06DB6BFACD}.Verify|iCEBreaker.ActiveCfg = Debug|Any CPU
		{A81468A3-1349-4B32-8ED5-3D06DB6BFACD}.Verify|iCEBreaker.Build.0 = Debug|Any CPU
		{A81468A3-1349-4B32-8ED5-3D06DB6BFACD}.Verify|ULX3S ECP5-12K.ActiveCfg = Debug|Any CPU
		{A81468A3-1349-4B32-8ED5-3D06DB6BFACD}.Verify|ULX3S ECP5-12K.Build.0 = Debug|Any CPU
		{A81468A3-1349-4B32-8ED5-3D06DB6BFACD}.Verify|ULX3S ECP5-45K.ActiveCfg = Debug|Any CPU
		{A81468A3-1349-4B32-8ED5-3D06DB6BFACD}.Verify|ULX3S ECP5-45K.Build.0 = Debug|Any CPU
		{A81468A3-1349-4B32-8ED5-3D06DB6BFACD}.Verify|ULX3S ECP5-85K.ActiveCfg = Debug|Any CPU
		{A81468A3-1349-4B32-8ED5-3D06DB6BFACD}.Verify|ULX3S ECP5-85K.Build.0 = Debug|Any CPU
		{47B57B8E-F0A9-4A4A-92A3-31471F732780}.Debug|Any CPU.ActiveCfg = Debug|Any CPU
		{47B57B8E-F0A9-4A4A-92A3-31471F732780}.Debug|Any CPU.Build.0 = Debug|Any CPU
		{47B57B8E-F0A9-4A4A-92A3-31471F732780}.Debug|iCEBreaker.ActiveCfg = Debug|Any CPU
		{47B57B8E-F0A9-4A4A-92A3-31471F732780}.Debug|iCEBreaker.Build.0 = Debug|Any CPU
		{47B57B8E-F0A9-4A4A-92A3-31471F732780}.Debug|ULX3S ECP5-12K.ActiveCfg = Debug|Any CPU
		{47B57B8E-F0A9-4A4A-92A3-31471F732780}.Debug|ULX3S ECP5-12K.Build.0 = Debug|Any CPU
		{47B57B8E-F0A9-4A4A-92A3-31471F732780}.Debug|ULX3S ECP5-45K.ActiveCfg = Debug|Any CPU
		{47B57B8E-F0A9-4A4A-92A3-31471F732780}.Debug|ULX3S ECP5-45K.Build.0 = Debug|Any CPU
		{47B57B8E-F0A9-4A4A-92A3-31471F732780}.Debug|ULX3S ECP5-85K.ActiveCfg = Debug|Any CPU
		{47B57B8E-F0A9-4A4A-92A3-31471F732780}.Debug|ULX3S ECP5-85K.Build.0 = Debug|Any CPU
		{47B57B8E-F0A9-4A4A-92A3-31471F732780}.Release|Any CPU.ActiveCfg = Debug|Any CPU
		{47B57B8E-F0A9-4A4A-92A3-31471F732780}.Release|Any CPU.Build.0 = Debug|Any CPU
		{47B57B8E-F0A9-4A4A-92A3-31471F732780}.Release|iCEBreaker.ActiveCfg = Debug|Any CPU
		{47B57B8E-F0A9-4A4A-92A3-31471F732780}.Release|iCEBreaker.Build.0 = Debug|Any CPU
		{47B57B8E-F0A9-4A4A-92A3-31471F732780}.Release|ULX3S ECP5-12K.ActiveCfg = Debug|Any CPU
		{47B57B8E-F0A9-4A4A-92A3-31471F732780}.Release|ULX3S ECP5-12K.Build.0 = Debug|Any CPU
		{47B57B8E-F0A9-4A4A-92A3-31471F732780}.Release|ULX3S ECP5-45K.ActiveCfg = Debug|Any CPU
		{47B57B8E-F0A9-4A4A-92A3-31471F732780}.Release|ULX3S ECP5-45K.Build.0 = Debug|Any CPU
		{47B57B8E-F0A9-4A4A-92A3-31471F732780}.Release|ULX3S ECP5-85K.ActiveCfg = Debug|Any CPU
		{47B57B8E-F0A9-4A4A-92A3-31471F732780}.Release|ULX3S ECP5-85K.Build.0 = Debug|Any CPU
		{47B57B8E-F0A9-4A4A-92A3-31471F732780}.Upload|Any CPU.ActiveCfg = Debug|Any CPU
		{47B57B8E-F0A9-4A4A-92A3-31471F732780}.Upload|Any CPU.Build.0 = Debug|Any CPU
		{47B57B8E-F0A9-4A4A-92A3-31471F732780}.Upload|iCEBreaker.ActiveCfg = Debug|Any CPU
		{47B57B8E-F0A9-4A4A-92A3-31471F732780}.Upload|iCEBreaker.Build.0 = Debug|Any CPU
		{47B57B8E-F0A9-4A4A-92A3-31471F732780}.Upload|ULX3S ECP5-12K.ActiveCfg = Debug|Any CPU
		{47B57B8E-F0A9-4A4A-92A3-31471F732780}.Upload|ULX3S ECP5-12K.Build.0 = Debug|Any CPU
		{47B57B8E-F0A9-4A4A-92A3-31471F732780}.Upload|ULX3S ECP5-45K.ActiveCfg = Debug|Any CPU
		{47B57B8E-F0A9-4A4A-92A3-31471F732780}.Upload|ULX3S ECP5-45K.Build.0 = Debug|Any CPU
		{47B57B8E-F0A9-4A4A-92A3-31471F732780}.Upload|ULX3S ECP5-85K.ActiveCfg = Debug|Any CPU
		{47B57B8E-F0A9-4A4A-92A3-31471F732780}.Upload|ULX3S ECP5-85K.Build.0 = Debug|Any CPU
		{47B57B8E-F0A9-4A4A-92A3-31471F732780}.Verify|Any CPU.ActiveCfg = Debug|Any CPU
		{47B57B8E-F0A9-4A4A-92A3-31471F732780}.Verify|Any CPU.Build.0 = Debug|Any CPU
		{47B57B8E-F0A9-4A4A-92A3-31471F732780}.Verify|iCEBreaker.ActiveCfg = Debug|Any CPU
		{47B57B8E-F0A9-4A4A-92A3-31471F732780}.Verify|iCEBreaker.Build.0 = Debug|Any CPU
		{47B57B8E-F0A9-4A4A-92A3-31471F732780}.Verify|ULX3S ECP5-12K.ActiveCfg = Debug|Any CPU
		{47B57B8E-F0A9-4A4A-92A3-31471F732780}.Verify|ULX3S ECP5-12K.Build.0 = Debug|Any CPU
		{47B57B8E-F0A9-4A4A-92A3-31471F732780}.Verify|ULX3S ECP5-45K.ActiveCfg = Debug|Any CPU
		{47B57B8E-F0A9-4A4A-92A3-31471F732780}.Verify|ULX3S ECP5-45K.Build.0 = Debug|Any CPU
		{47B57B8E-F0A9-4A4A-92A3-31471F732780}.Verify|ULX3S ECP5-85K.ActiveCfg = Debug|Any CPU
		{47B57B8E-F0A9-4A4A-92A3-31471F732780}.Verify|ULX3S ECP5-85K.Build.0 = Debug|Any CPU
		{7D6AECDE-12E6-4851-9397-BAEFD5376086}.Debug|Any CPU.ActiveCfg = Debug|Any CPU
		{7D6AECDE-12E6-4851-9397-BAEFD5376086}.Debug|Any CPU.Build.0 = Debug|Any CPU
		{7D6AECDE-12E6-4851-9397-BAEFD5376086}.Debug|iCEBreaker.ActiveCfg = Debug|Any CPU
		{7D6AECDE-12E6-4851-9397-BAEFD5376086}.Debug|iCEBreaker.Build.0 = Debug|Any CPU
		{7D6AECDE-12E6-4851-9397-BAEFD5376086}.Debug|ULX3S ECP5-12K.ActiveCfg = Debug|Any CPU
		{7D6AECDE-12E6-4851-9397-BAEFD5376086}.Debug|ULX3S ECP5-12K.Build.0 = Debug|Any CPU
		{7D6AECDE-12E6-4851-9397-BAEFD5376086}.Debug|ULX3S ECP5-45K.ActiveCfg = Debug|Any CPU
		{7D6AECDE-12E6-4851-9397-BAEFD5376086}.Debug|ULX3S ECP5-45K.Build.0 = Debug|Any CPU
		{7D6AECDE-12E6-4851-9397-BAEFD5376086}.Debug|ULX3S ECP5-85K.ActiveCfg = Debug|Any CPU
		{7D6AECDE-12E6-4851-9397-BAEFD5376086}.Debug|ULX3S ECP5-85K.Build.0 = Debug|Any CPU
		{7D6AECDE-12E6-4851-9397-BAEFD5376086}.Release|Any CPU.ActiveCfg = Debug|Any CPU
		{7D6AECDE-12E6-4851-9397-BAEFD5376086}.Release|Any CPU.Build.0 = Debug|Any CPU
		{7D6AECDE-12E6-4851-9397-BAEFD5376086}.Release|iCEBreaker.ActiveCfg = Debug|Any CPU
		{7D6AECDE-12E6-4851-9397-BAEFD5376086}.Release|iCEBreaker.Build.0 = Debug|Any CPU
		{7D6AECDE-12E6-4851-9397-BAEFD5376086}.Release|ULX3S ECP5-12K.ActiveCfg = Debug|Any CPU
		{7D6AECDE-12E6-4851-9397-BAEFD5376086}.Release|ULX3S ECP5-12K.Build.0 = Debug|Any CPU
		{7D6AECDE-12E6-4851-9397-BAEFD5376086}.Release|ULX3S ECP5-45K.ActiveCfg = Debug|Any CPU
		{7D6AECDE-12E6-4851-9397-BAEFD5376086}.Release|ULX3S ECP5-45K.Build.0 = Debug|Any CPU
		{7D6AECDE-12E6-4851-9397-BAEFD5376086}.Release|ULX3S ECP5-85K.ActiveCfg = Debug|Any CPU
		{7D6AECDE-12E6-4851-9397-BAEFD5376086}.Release|ULX3S ECP5-85K.Build.0 = Debug|Any CPU
		{7D6AECDE-12E6-4851-9397-BAEFD5376086}.Upload|Any CPU.ActiveCfg = Debug|Any CPU
		{7D6AECDE-12E6-4851-9397-BAEFD5376086}.Upload|Any CPU.Build.0 = Debug|Any CPU
		{7D6AECDE-12E6-4851-9397-BAEFD5376086}.Upload|iCEBreaker.ActiveCfg = Debug|Any CPU
		{7D6AECDE-12E6-4851-9397-BAEFD5376086}.Upload|iCEBreaker.Build.0 = Debug|Any CPU
		{7D6AECDE-12E6-4851-9397-BAEFD5376086}.Upload|ULX3S ECP5-12K.ActiveCfg = Debug|Any CPU
		{7D6AECDE-12E6-4851-9397-BAEFD5376086}.Upload|ULX3S ECP5-12K.Build.0 = Debug|Any CPU
		{7D6AECDE-12E6-4851-9397-BAEFD5376086}.Upload|ULX3S ECP5-45K.ActiveCfg = Debug|Any CPU
		{7D6AECDE-12E6-4851-9397-BAEFD5376086}.Upload|ULX3S ECP5-45K.Build.0 = Debug|Any CPU
		{7D6AECDE-12E6-4851-9397-BAEFD5376086}.Upload|ULX3S ECP5-85K.ActiveCfg = Debug|Any CPU
		{7D6AECDE-12E6-4851-9397-BAEFD5376086}.Upload|ULX3S ECP5-85K.Build.0 = Debug|Any CPU
		{7D6AECDE-12E6-4851-9397-BAEFD5376086}.Verify|Any CPU.ActiveCfg = Debug|Any CPU
		{7D6AECDE-12E6-4851-9397-BAEFD5376086}.Verify|Any CPU.Build.0 = Debug|Any CPU
		{7D6AECDE-12E6-4851-9397-BAEFD5376086}.Verify|iCEBreaker.ActiveCfg = Debug|Any CPU
		{7D6AECDE-12E6-4851-9397-BAEFD5376086}.Verify|iCEBreaker.Build.0 = Debug|Any CPU
		{7D6AECDE-12E6-4851-9397-BAEFD5376086}.Verify|ULX3S ECP5-12K.ActiveCfg = Debug|Any CPU
		{7D6AECDE-12E6-4851-9397-BAEFD5376086}.Verify|ULX3S ECP5-12K.Build.0 = Debug|Any CPU
		{7D6AECDE-12E6-4851-9397-BAEFD5376086}.Verify|ULX3S ECP5-45K.ActiveCfg = Debug|Any CPU
		{7D6AECDE-12E6-4851-9397-BAEFD5376086}.Verify|ULX3S ECP5-45K.Build.0 = Debug|Any CPU
		{7D6AECDE-12E6-4851-9397-BAEFD5376086}.Verify|ULX3S ECP5-85K.ActiveCfg = Debug|Any CPU
		{7D6AECDE-12E6-4851-9397-BAEFD5376086}.Verify|ULX3S ECP5-85K.Build.0 = Debug|Any CPU
		{070B182C-A1A8-40CF-B781-74CC50CA66E6}.Debug|Any CPU.ActiveCfg = Debug|Any CPU
		{070B182C-A1A8-40CF-B781-74CC50CA66E6}.Debug|Any CPU.Build.0 = Debug|Any CPU
		{070B182C-A1A8-40CF-B781-74CC50CA66E6}.Debug|iCEBreaker.ActiveCfg = Debug|Any CPU
		{070B182C-A1A8-40CF-B781-74CC50CA66E6}.Debug|iCEBreaker.Build.0 = Debug|Any CPU
		{070B182C-A1A8-40CF-B781-74CC50CA66E6}.Debug|ULX3S ECP5-12K.ActiveCfg = Debug|Any CPU
		{070B182C-A1A8-40CF-B781-74CC50CA66E6}.Debug|ULX3S ECP5-12K.Build.0 = Debug|Any CPU
		{070B182C-A1A8-40CF-B781-74CC50CA66E6}.Debug|ULX3S ECP5-45K.ActiveCfg = Debug|Any CPU
		{070B182C-A1A8-40CF-B781-74CC50CA66E6}.Debug|ULX3S ECP5-45K.Build.0 = Debug|Any CPU
		{070B182C-A1A8-40CF-B781-74CC50CA66E6}.Debug|ULX3S ECP5-85K.ActiveCfg = Debug|Any CPU
		{070B182C-A1A8-40CF-B781-74CC50CA66E6}.Debug|ULX3S ECP5-85K.Build.0 = Debug|Any CPU
		{070B182C-A1A8-40CF-B781-74CC50CA66E6}.Release|Any CPU.ActiveCfg = Release|Any CPU
		{070B182C-A1A8-40CF-B781-74CC50CA66E6}.Release|Any CPU.Build.0 = Release|Any CPU
		{070B182C-A1A8-40CF-B781-74CC50CA66E6}.Release|iCEBreaker.ActiveCfg = Release|Any CPU
		{070B182C-A1A8-40CF-B781-74CC50CA66E6}.Release|iCEBreaker.Build.0 = Release|Any CPU
		{070B182C-A1A8-40CF-B781-74CC50CA66E6}.Release|ULX3S ECP5-12K.ActiveCfg = Release|Any CPU
		{070B182C-A1A8-40CF-B781-74CC50CA66E6}.Release|ULX3S ECP5-12K.Build.0 = Release|Any CPU
		{070B182C-A1A8-40CF-B781-74CC50CA66E6}.Release|ULX3S ECP5-45K.ActiveCfg = Release|Any CPU
		{070B182C-A1A8-40CF-B781-74CC50CA66E6}.Release|ULX3S ECP5-45K.Build.0 = Release|Any CPU
		{070B182C-A1A8-40CF-B781-74CC50CA66E6}.Release|ULX3S ECP5-85K.ActiveCfg = Release|Any CPU
		{070B182C-A1A8-40CF-B781-74CC50CA66E6}.Release|ULX3S ECP5-85K.Build.0 = Release|Any CPU
		{070B182C-A1A8-40CF-B781-74CC50CA66E6}.Upload|Any CPU.ActiveCfg = Release|Any CPU
		{070B182C-A1A8-40CF-B781-74CC50CA66E6}.Upload|Any CPU.Build.0 = Release|Any CPU
		{070B182C-A1A8-40CF-B781-74CC50CA66E6}.Upload|iCEBreaker.ActiveCfg = Release|Any CPU
		{070B182C-A1A8-40CF-B781-74CC50CA66E6}.Upload|iCEBreaker.Build.0 = Release|Any CPU
		{070B182C-A1A8-40CF-B781-74CC50CA66E6}.Upload|ULX3S ECP5-12K.ActiveCfg = Release|Any CPU
		{070B182C-A1A8-40CF-B781-74CC50CA66E6}.Upload|ULX3S ECP5-12K.Build.0 = Release|Any CPU
		{070B182C-A1A8-40CF-B781-74CC50CA66E6}.Upload|ULX3S ECP5-45K.ActiveCfg = Release|Any CPU
		{070B182C-A1A8-40CF-B781-74CC50CA66E6}.Upload|ULX3S ECP5-45K.Build.0 = Release|Any CPU
		{070B182C-A1A8-40CF-B781-74CC50CA66E6}.Upload|ULX3S ECP5-85K.ActiveCfg = Release|Any CPU
		{070B182C-A1A8-40CF-B781-74CC50CA66E6}.Upload|ULX3S ECP5-85K.Build.0 = Release|Any CPU
		{070B182C-A1A8-40CF-B781-74CC50CA66E6}.Verify|Any CPU.ActiveCfg = Release|Any CPU
		{070B182C-A1A8-40CF-B781-74CC50CA66E6}.Verify|Any CPU.Build.0 = Release|Any CPU
		{070B182C-A1A8-40CF-B781-74CC50CA66E6}.Verify|iCEBreaker.ActiveCfg = Release|Any CPU
		{070B182C-A1A8-40CF-B781-74CC50CA66E6}.Verify|iCEBreaker.Build.0 = Release|Any CPU
		{070B182C-A1A8-40CF-B781-74CC50CA66E6}.Verify|ULX3S ECP5-12K.ActiveCfg = Release|Any CPU
		{070B182C-A1A8-40CF-B781-74CC50CA66E6}.Verify|ULX3S ECP5-12K.Build.0 = Release|Any CPU
		{070B182C-A1A8-40CF-B781-74CC50CA66E6}.Verify|ULX3S ECP5-45K.ActiveCfg = Release|Any CPU
		{070B182C-A1A8-40CF-B781-74CC50CA66E6}.Verify|ULX3S ECP5-45K.Build.0 = Release|Any CPU
		{070B182C-A1A8-40CF-B781-74CC50CA66E6}.Verify|ULX3S ECP5-85K.ActiveCfg = Release|Any CPU
		{070B182C-A1A8-40CF-B781-74CC50CA66E6}.Verify|ULX3S ECP5-85K.Build.0 = Release|Any CPU
		{9ABE3124-06E7-47F8-A9FD-545290786404}.Debug|Any CPU.ActiveCfg = Debug|Any CPU
		{9ABE3124-06E7-47F8-A9FD-545290786404}.Debug|Any CPU.Build.0 = Debug|Any CPU
		{9ABE3124-06E7-47F8-A9FD-545290786404}.Debug|iCEBreaker.ActiveCfg = Debug|Any CPU
		{9ABE3124-06E7-47F8-A9FD-545290786404}.Debug|iCEBreaker.Build.0 = Debug|Any CPU
		{9ABE3124-06E7-47F8-A9FD-545290786404}.Debug|ULX3S ECP5-12K.ActiveCfg = Debug|Any CPU
		{9ABE3124-06E7-47F8-A9FD-545290786404}.Debug|ULX3S ECP5-12K.Build.0 = Debug|Any CPU
		{9ABE3124-06E7-47F8-A9FD-545290786404}.Debug|ULX3S ECP5-45K.ActiveCfg = Debug|Any CPU
		{9ABE3124-06E7-47F8-A9FD-545290786404}.Debug|ULX3S ECP5-45K.Build.0 = Debug|Any CPU
		{9ABE3124-06E7-47F8-A9FD-545290786404}.Debug|ULX3S ECP5-85K.ActiveCfg = Debug|Any CPU
		{9ABE3124-06E7-47F8-A9FD-545290786404}.Debug|ULX3S ECP5-85K.Build.0 = Debug|Any CPU
		{9ABE3124-06E7-47F8-A9FD-545290786404}.Release|Any CPU.ActiveCfg = Release|Any CPU
		{9ABE3124-06E7-47F8-A9FD-545290786404}.Release|Any CPU.Build.0 = Release|Any CPU
		{9ABE3124-06E7-47F8-A9FD-545290786404}.Release|iCEBreaker.ActiveCfg = Release|Any CPU
		{9ABE3124-06E7-47F8-A9FD-545290786404}.Release|iCEBreaker.Build.0 = Release|Any CPU
		{9ABE3124-06E7-47F8-A9FD-545290786404}.Release|ULX3S ECP5-12K.ActiveCfg = Release|Any CPU
		{9ABE3124-06E7-47F8-A9FD-545290786404}.Release|ULX3S ECP5-12K.Build.0 = Release|Any CPU
		{9ABE3124-06E7-47F8-A9FD-545290786404}.Release|ULX3S ECP5-45K.ActiveCfg = Release|Any CPU
		{9ABE3124-06E7-47F8-A9FD-545290786404}.Release|ULX3S ECP5-45K.Build.0 = Release|Any CPU
		{9ABE3124-06E7-47F8-A9FD-545290786404}.Release|ULX3S ECP5-85K.ActiveCfg = Release|Any CPU
		{9ABE3124-06E7-47F8-A9FD-545290786404}.Release|ULX3S ECP5-85K.Build.0 = Release|Any CPU
		{9ABE3124-06E7-47F8-A9FD-545290786404}.Upload|Any CPU.ActiveCfg = Release|Any CPU
		{9ABE3124-06E7-47F8-A9FD-545290786404}.Upload|Any CPU.Build.0 = Release|Any CPU
		{9ABE3124-06E7-47F8-A9FD-545290786404}.Upload|iCEBreaker.ActiveCfg = Release|Any CPU
		{9ABE3124-06E7-47F8-A9FD-545290786404}.Upload|iCEBreaker.Build.0 = Release|Any CPU
		{9ABE3124-06E7-47F8-A9FD-545290786404}.Upload|ULX3S ECP5-12K.ActiveCfg = Release|Any CPU
		{9ABE3124-06E7-47F8-A9FD-545290786404}.Upload|ULX3S ECP5-12K.Build.0 = Release|Any CPU
		{9ABE3124-06E7-47F8-A9FD-545290786404}.Upload|ULX3S ECP5-45K.ActiveCfg = Release|Any CPU
		{9ABE3124-06E7-47F8-A9FD-545290786404}.Upload|ULX3S ECP5-45K.Build.0 = Release|Any CPU
		{9ABE3124-06E7-47F8-A9FD-545290786404}.Upload|ULX3S ECP5-85K.ActiveCfg = Release|Any CPU
		{9ABE3124-06E7-47F8-A9FD-545290786404}.Upload|ULX3S ECP5-85K.Build.0 = Release|Any CPU
		{9ABE3124-06E7-47F8-A9FD-545290786404}.Verify|Any CPU.ActiveCfg = Release|Any CPU
		{9ABE3124-06E7-47F8-A9FD-545290786404}.Verify|Any CPU.Build.0 = Release|Any CPU
		{9ABE3124-06E7-47F8-A9FD-545290786404}.Verify|iCEBreaker.ActiveCfg = Release|Any CPU
		{9ABE3124-06E7-47F8-A9FD-545290786404}.Verify|iCEBreaker.Build.0 = Release|Any CPU
		{9ABE3124-06E7-47F8-A9FD-545290786404}.Verify|ULX3S ECP5-12K.ActiveCfg = Release|Any CPU
		{9ABE3124-06E7-47F8-A9FD-545290786404}.Verify|ULX3S ECP5-12K.Build.0 = Release|Any CPU
		{9ABE3124-06E7-47F8-A9FD-545290786404}.Verify|ULX3S ECP5-45K.ActiveCfg = Release|Any CPU
		{9ABE3124-06E7-47F8-A9FD-545290786404}.Verify|ULX3S ECP5-45K.Build.0 = Release|Any CPU
		{9ABE3124-06E7-47F8-A9FD-545290786404}.Verify|ULX3S ECP5-85K.ActiveCfg = Release|Any CPU
		{9ABE3124-06E7-47F8-A9FD-545290786404}.Verify|ULX3S ECP5-85K.Build.0 = Release|Any CPU
		{6EDBEA1D-5E60-43F8-AF24-567EABC5DC86}.Debug|Any CPU.ActiveCfg = Debug|Any CPU
		{6EDBEA1D-5E60-43F8-AF24-567EABC5DC86}.Debug|Any CPU.Build.0 = Debug|Any CPU
		{6EDBEA1D-5E60-43F8-AF24-567EABC5DC86}.Debug|iCEBreaker.ActiveCfg = Debug|Any CPU
		{6EDBEA1D-5E60-43F8-AF24-567EABC5DC86}.Debug|iCEBreaker.Build.0 = Debug|Any CPU
		{6EDBEA1D-5E60-43F8-AF24-567EABC5DC86}.Debug|ULX3S ECP5-12K.ActiveCfg = Debug|Any CPU
		{6EDBEA1D-5E60-43F8-AF24-567EABC5DC86}.Debug|ULX3S ECP5-12K.Build.0 = Debug|Any CPU
		{6EDBEA1D-5E60-43F8-AF24-567EABC5DC86}.Debug|ULX3S ECP5-45K.ActiveCfg = Debug|Any CPU
		{6EDBEA1D-5E60-43F8-AF24-567EABC5DC86}.Debug|ULX3S ECP5-45K.Build.0 = Debug|Any CPU
		{6EDBEA1D-5E60-43F8-AF24-567EABC5DC86}.Debug|ULX3S ECP5-85K.ActiveCfg = Debug|Any CPU
		{6EDBEA1D-5E60-43F8-AF24-567EABC5DC86}.Debug|ULX3S ECP5-85K.Build.0 = Debug|Any CPU
		{6EDBEA1D-5E60-43F8-AF24-567EABC5DC86}.Release|Any CPU.ActiveCfg = Release|Any CPU
		{6EDBEA1D-5E60-43F8-AF24-567EABC5DC86}.Release|Any CPU.Build.0 = Release|Any CPU
		{6EDBEA1D-5E60-43F8-AF24-567EABC5DC86}.Release|iCEBreaker.ActiveCfg = Release|Any CPU
		{6EDBEA1D-5E60-43F8-AF24-567EABC5DC86}.Release|iCEBreaker.Build.0 = Release|Any CPU
		{6EDBEA1D-5E60-43F8-AF24-567EABC5DC86}.Release|ULX3S ECP5-12K.ActiveCfg = Release|Any CPU
		{6EDBEA1D-5E60-43F8-AF24-567EABC5DC86}.Release|ULX3S ECP5-12K.Build.0 = Release|Any CPU
		{6EDBEA1D-5E60-43F8-AF24-567EABC5DC86}.Release|ULX3S ECP5-45K.ActiveCfg = Release|Any CPU
		{6EDBEA1D-5E60-43F8-AF24-567EABC5DC86}.Release|ULX3S ECP5-45K.Build.0 = Release|Any CPU
		{6EDBEA1D-5E60-43F8-AF24-567EABC5DC86}.Release|ULX3S ECP5-85K.ActiveCfg = Release|Any CPU
		{6EDBEA1D-5E60-43F8-AF24-567EABC5DC86}.Release|ULX3S ECP5-85K.Build.0 = Release|Any CPU
		{6EDBEA1D-5E60-43F8-AF24-567EABC5DC86}.Upload|Any CPU.ActiveCfg = Release|Any CPU
		{6EDBEA1D-5E60-43F8-AF24-567EABC5DC86}.Upload|Any CPU.Build.0 = Release|Any CPU
		{6EDBEA1D-5E60-43F8-AF24-567EABC5DC86}.Upload|iCEBreaker.ActiveCfg = Release|Any CPU
		{6EDBEA1D-5E60-43F8-AF24-567EABC5DC86}.Upload|iCEBreaker.Build.0 = Release|Any CPU
		{6EDBEA1D-5E60-43F8-AF24-567EABC5DC86}.Upload|ULX3S ECP5-12K.ActiveCfg = Release|Any CPU
		{6EDBEA1D-5E60-43F8-AF24-567EABC5DC86}.Upload|ULX3S ECP5-12K.Build.0 = Release|Any CPU
		{6EDBEA1D-5E60-43F8-AF24-567EABC5DC86}.Upload|ULX3S ECP5-45K.ActiveCfg = Release|Any CPU
		{6EDBEA1D-5E60-43F8-AF24-567EABC5DC86}.Upload|ULX3S ECP5-45K.Build.0 = Release|Any CPU
		{6EDBEA1D-5E60-43F8-AF24-567EABC5DC86}.Upload|ULX3S ECP5-85K.ActiveCfg = Release|Any CPU
		{6EDBEA1D-5E60-43F8-AF24-567EABC5DC86}.Upload|ULX3S ECP5-85K.Build.0 = Release|Any CPU
		{6EDBEA1D-5E60-43F8-AF24-567EABC5DC86}.Verify|Any CPU.ActiveCfg = Release|Any CPU
		{6EDBEA1D-5E60-43F8-AF24-567EABC5DC86}.Verify|Any CPU.Build.0 = Release|Any CPU
		{6EDBEA1D-5E60-43F8-AF24-567EABC5DC86}.Verify|iCEBreaker.ActiveCfg = Release|Any CPU
		{6EDBEA1D-5E60-43F8-AF24-567EABC5DC86}.Verify|iCEBreaker.Build.0 = Release|Any CPU
		{6EDBEA1D-5E60-43F8-AF24-567EABC5DC86}.Verify|ULX3S ECP5-12K.ActiveCfg = Release|Any CPU
		{6EDBEA1D-5E60-43F8-AF24-567EABC5DC86}.Verify|ULX3S ECP5-12K.Build.0 = Release|Any CPU
		{6EDBEA1D-5E60-43F8-AF24-567EABC5DC86}.Verify|ULX3S ECP5-45K.ActiveCfg = Release|Any CPU
		{6EDBEA1D-5E60-43F8-AF24-567EABC5DC86}.Verify|ULX3S ECP5-45K.Build.0 = Release|Any CPU
		{6EDBEA1D-5E60-43F8-AF24-567EABC5DC86}.Verify|ULX3S ECP5-85K.ActiveCfg = Release|Any CPU
		{6EDBEA1D-5E60-43F8-AF24-567EABC5DC86}.Verify|ULX3S ECP5-85K.Build.0 = Release|Any CPU
		{47B57B8E-F0A9-4A4A-92A3-31471F732781}.Debug|Any CPU.ActiveCfg = Debug|Any CPU
		{47B57B8E-F0A9-4A4A-92A3-31471F732781}.Debug|Any CPU.Build.0 = Debug|Any CPU
		{47B57B8E-F0A9-4A4A-92A3-31471F732781}.Debug|iCEBreaker.ActiveCfg = Debug|Any CPU
		{47B57B8E-F0A9-4A4A-92A3-31471F732781}.Debug|iCEBreaker.Build.0 = Debug|Any CPU
		{47B57B8E-F0A9-4A4A-92A3-31471F732781}.Debug|ULX3S ECP5-12K.ActiveCfg = Debug|Any CPU
		{47B57B8E-F0A9-4A4A-92A3-31471F732781}.Debug|ULX3S ECP5-12K.Build.0 = Debug|Any CPU
		{47B57B8E-F0A9-4A4A-92A3-31471F732781}.Debug|ULX3S ECP5-45K.ActiveCfg = Debug|Any CPU
		{47B57B8E-F0A9-4A4A-92A3-31471F732781}.Debug|ULX3S ECP5-45K.Build.0 = Debug|Any CPU
		{47B57B8E-F0A9-4A4A-92A3-31471F732781}.Debug|ULX3S ECP5-85K.ActiveCfg = Debug|Any CPU
		{47B57B8E-F0A9-4A4A-92A3-31471F732781}.Debug|ULX3S ECP5-85K.Build.0 = Debug|Any CPU
		{47B57B8E-F0A9-4A4A-92A3-31471F732781}.Release|Any CPU.ActiveCfg = Debug|Any CPU
		{47B57B8E-F0A9-4A4A-92A3-31471F732781}.Release|Any CPU.Build.0 = Debug|Any CPU
		{47B57B8E-F0A9-4A4A-92A3-31471F732781}.Release|iCEBreaker.ActiveCfg = Debug|Any CPU
		{47B57B8E-F0A9-4A4A-92A3-31471F732781}.Release|iCEBreaker.Build.0 = Debug|Any CPU
		{47B57B8E-F0A9-4A4A-92A3-31471F732781}.Release|ULX3S ECP5-12K.ActiveCfg = Debug|Any CPU
		{47B57B8E-F0A9-4A4A-92A3-31471F732781}.Release|ULX3S ECP5-12K.Build.0 = Debug|Any CPU
		{47B57B8E-F0A9-4A4A-92A3-31471F732781}.Release|ULX3S ECP5-45K.ActiveCfg = Debug|Any CPU
		{47B57B8E-F0A9-4A4A-92A3-31471F732781}.Release|ULX3S ECP5-45K.Build.0 = Debug|Any CPU
		{47B57B8E-F0A9-4A4A-92A3-31471F732781}.Release|ULX3S ECP5-85K.ActiveCfg = Debug|Any CPU
		{47B57B8E-F0A9-4A4A-92A3-31471F732781}.Release|ULX3S ECP5-85K.Build.0 = Debug|Any CPU
		{47B57B8E-F0A9-4A4A-92A3-31471F732781}.Upload|Any CPU.ActiveCfg = Debug|Any CPU
		{47B57B8E-F0A9-4A4A-92A3-31471F732781}.Upload|Any CPU.Build.0 = Debug|Any CPU
		{47B57B8E-F0A9-4A4A-92A3-31471F732781}.Upload|iCEBreaker.ActiveCfg = Debug|Any CPU
		{47B57B8E-F0A9-4A4A-92A3-31471F732781}.Upload|iCEBreaker.Build.0 = Debug|Any CPU
		{47B57B8E-F0A9-4A4A-92A3-31471F732781}.Upload|ULX3S ECP5-12K.ActiveCfg = Debug|Any CPU
		{47B57B8E-F0A9-4A4A-92A3-31471F732781}.Upload|ULX3S ECP5-12K.Build.0 = Debug|Any CPU
		{47B57B8E-F0A9-4A4A-92A3-31471F732781}.Upload|ULX3S ECP5-45K.ActiveCfg = Debug|Any CPU
		{47B57B8E-F0A9-4A4A-92A3-31471F732781}.Upload|ULX3S ECP5-45K.Build.0 = Debug|Any CPU
		{47B57B8E-F0A9-4A4A-92A3-31471F732781}.Upload|ULX3S ECP5-85K.ActiveCfg = Debug|Any CPU
		{47B57B8E-F0A9-4A4A-92A3-31471F732781}.Upload|ULX3S ECP5-85K.Build.0 = Debug|Any CPU
		{47B57B8E-F0A9-4A4A-92A3-31471F732781}.Verify|Any CPU.ActiveCfg = Debug|Any CPU
		{47B57B8E-F0A9-4A4A-92A3-31471F732781}.Verify|Any CPU.Build.0 = Debug|Any CPU
		{47B57B8E-F0A9-4A4A-92A3-31471F732781}.Verify|iCEBreaker.ActiveCfg = Debug|Any CPU
		{47B57B8E-F0A9-4A4A-92A3-31471F732781}.Verify|iCEBreaker.Build.0 = Debug|Any CPU
		{47B57B8E-F0A9-4A4A-92A3-31471F732781}.Verify|ULX3S ECP5-12K.ActiveCfg = Debug|Any CPU
		{47B57B8E-F0A9-4A4A-92A3-31471F732781}.Verify|ULX3S ECP5-12K.Build.0 = Debug|Any CPU
		{47B57B8E-F0A9-4A4A-92A3-31471F732781}.Verify|ULX3S ECP5-45K.ActiveCfg = Debug|Any CPU
		{47B57B8E-F0A9-4A4A-92A3-31471F732781}.Verify|ULX3S ECP5-45K.Build.0 = Debug|Any CPU
		{47B57B8E-F0A9-4A4A-92A3-31471F732781}.Verify|ULX3S ECP5-85K.ActiveCfg = Debug|Any CPU
		{47B57B8E-F0A9-4A4A-92A3-31471F732781}.Verify|ULX3S ECP5-85K.Build.0 = Debug|Any CPU
		{940ED899-469B-45EC-82F4-E7158F981BCC}.Debug|Any CPU.ActiveCfg = Debug|Any CPU
		{940ED899-469B-45EC-82F4-E7158F981BCC}.Debug|Any CPU.Build.0 = Debug|Any CPU
		{940ED899-469B-45EC-82F4-E7158F981BCC}.Debug|iCEBreaker.ActiveCfg = Debug|Any CPU
		{940ED899-469B-45EC-82F4-E7158F981BCC}.Debug|iCEBreaker.Build.0 = Debug|Any CPU
		{940ED899-469B-45EC-82F4-E7158F981BCC}.Debug|ULX3S ECP5-12K.ActiveCfg = Debug|Any CPU
		{940ED899-469B-45EC-82F4-E7158F981BCC}.Debug|ULX3S ECP5-12K.Build.0 = Debug|Any CPU
		{940ED899-469B-45EC-82F4-E7158F981BCC}.Debug|ULX3S ECP5-45K.ActiveCfg = Debug|Any CPU
		{940ED899-469B-45EC-82F4-E7158F981BCC}.Debug|ULX3S ECP5-45K.Build.0 = Debug|Any CPU
		{940ED899-469B-45EC-82F4-E7158F981BCC}.Debug|ULX3S ECP5-85K.ActiveCfg = Debug|Any CPU
		{940ED899-469B-45EC-82F4-E7158F981BCC}.Debug|ULX3S ECP5-85K.Build.0 = Debug|Any CPU
		{940ED899-469B-45EC-82F4-E7158F981BCC}.Release|Any CPU.ActiveCfg = Release|Any CPU
		{940ED899-469B-45EC-82F4-E7158F981BCC}.Release|Any CPU.Build.0 = Release|Any CPU
		{940ED899-469B-45EC-82F4-E7158F981BCC}.Release|iCEBreaker.ActiveCfg = Release|Any CPU
		{940ED899-469B-45EC-82F4-E7158F981BCC}.Release|iCEBreaker.Build.0 = Release|Any CPU
		{940ED899-469B-45EC-82F4-E7158F981BCC}.Release|ULX3S ECP5-12K.ActiveCfg = Release|Any CPU
		{940ED899-469B-45EC-82F4-E7158F981BCC}.Release|ULX3S ECP5-12K.Build.0 = Release|Any CPU
		{940ED899-469B-45EC-82F4-E7158F981BCC}.Release|ULX3S ECP5-45K.ActiveCfg = Release|Any CPU
		{940ED899-469B-45EC-82F4-E7158F981BCC}.Release|ULX3S ECP5-45K.Build.0 = Release|Any CPU
		{940ED899-469B-45EC-82F4-E7158F981BCC}.Release|ULX3S ECP5-85K.ActiveCfg = Release|Any CPU
		{940ED899-469B-45EC-82F4-E7158F981BCC}.Release|ULX3S ECP5-85K.Build.0 = Release|Any CPU
		{940ED899-469B-45EC-82F4-E7158F981BCC}.Upload|Any CPU.ActiveCfg = Debug|Any CPU
		{940ED899-469B-45EC-82F4-E7158F981BCC}.Upload|Any CPU.Build.0 = Debug|Any CPU
		{940ED899-469B-45EC-82F4-E7158F981BCC}.Upload|iCEBreaker.ActiveCfg = Debug|Any CPU
		{940ED899-469B-45EC-82F4-E7158F981BCC}.Upload|iCEBreaker.Build.0 = Debug|Any CPU
		{940ED899-469B-45EC-82F4-E7158F981BCC}.Upload|ULX3S ECP5-12K.ActiveCfg = Debug|Any CPU
		{940ED899-469B-45EC-82F4-E7158F981BCC}.Upload|ULX3S ECP5-12K.Build.0 = Debug|Any CPU
		{940ED899-469B-45EC-82F4-E7158F981BCC}.Upload|ULX3S ECP5-45K.ActiveCfg = Debug|Any CPU
		{940ED899-469B-45EC-82F4-E7158F981BCC}.Upload|ULX3S ECP5-45K.Build.0 = Debug|Any CPU
		{940ED899-469B-45EC-82F4-E7158F981BCC}.Upload|ULX3S ECP5-85K.ActiveCfg = Debug|Any CPU
		{940ED899-469B-45EC-82F4-E7158F981BCC}.Upload|ULX3S ECP5-85K.Build.0 = Debug|Any CPU
		{940ED899-469B-45EC-82F4-E7158F981BCC}.Verify|Any CPU.ActiveCfg = Debug|Any CPU
		{940ED899-469B-45EC-82F4-E7158F981BCC}.Verify|Any CPU.Build.0 = Debug|Any CPU
		{940ED899-469B-45EC-82F4-E7158F981BCC}.Verify|iCEBreaker.ActiveCfg = Debug|Any CPU
		{940ED899-469B-45EC-82F4-E7158F981BCC}.Verify|iCEBreaker.Build.0 = Debug|Any CPU
		{940ED899-469B-45EC-82F4-E7158F981BCC}.Verify|ULX3S ECP5-12K.ActiveCfg = Debug|Any CPU
		{940ED899-469B-45EC-82F4-E7158F981BCC}.Verify|ULX3S ECP5-12K.Build.0 = Debug|Any CPU
		{940ED899-469B-45EC-82F4-E7158F981BCC}.Verify|ULX3S ECP5-45K.ActiveCfg = Debug|Any CPU
		{940ED899-469B-45EC-82F4-E7158F981BCC}.Verify|ULX3S ECP5-45K.Build.0 = Debug|Any CPU
		{940ED899-469B-45EC-82F4-E7158F981BCC}.Verify|ULX3S ECP5-85K.ActiveCfg = Debug|Any CPU
		{940ED899-469B-45EC-82F4-E7158F981BCC}.Verify|ULX3S ECP5-85K.Build.0 = Debug|Any CPU
		{ABB344AE-1B12-45C6-B99C-4EC327E125FD}.Debug|Any CPU.ActiveCfg = Debug|iCEBreaker
		{ABB344AE-1B12-45C6-B99C-4EC327E125FD}.Debug|iCEBreaker.ActiveCfg = Debug|iCEBreaker
		{ABB344AE-1B12-45C6-B99C-4EC327E125FD}.Debug|iCEBreaker.Build.0 = Debug|iCEBreaker
		{ABB344AE-1B12-45C6-B99C-4EC327E125FD}.Debug|ULX3S ECP5-12K.ActiveCfg = Debug|ULX3S ECP5-12K
		{ABB344AE-1B12-45C6-B99C-4EC327E125FD}.Debug|ULX3S ECP5-12K.Build.0 = Debug|ULX3S ECP5-12K
		{ABB344AE-1B12-45C6-B99C-4EC327E125FD}.Debug|ULX3S ECP5-45K.ActiveCfg = Debug|ULX3S ECP5-45K
		{ABB344AE-1B12-45C6-B99C-4EC327E125FD}.Debug|ULX3S ECP5-45K.Build.0 = Debug|ULX3S ECP5-45K
		{ABB344AE-1B12-45C6-B99C-4EC327E125FD}.Debug|ULX3S ECP5-85K.ActiveCfg = Debug|ULX3S ECP5-85K
		{ABB344AE-1B12-45C6-B99C-4EC327E125FD}.Debug|ULX3S ECP5-85K.Build.0 = Debug|ULX3S ECP5-85K
		{ABB344AE-1B12-45C6-B99C-4EC327E125FD}.Release|Any CPU.ActiveCfg = Release|iCEBreaker
		{ABB344AE-1B12-45C6-B99C-4EC327E125FD}.Release|iCEBreaker.ActiveCfg = Release|iCEBreaker
		{ABB344AE-1B12-45C6-B99C-4EC327E125FD}.Release|iCEBreaker.Build.0 = Release|iCEBreaker
		{ABB344AE-1B12-45C6-B99C-4EC327E125FD}.Release|ULX3S ECP5-12K.ActiveCfg = Release|ULX3S ECP5-12K
		{ABB344AE-1B12-45C6-B99C-4EC327E125FD}.Release|ULX3S ECP5-12K.Build.0 = Release|ULX3S ECP5-12K
		{ABB344AE-1B12-45C6-B99C-4EC327E125FD}.Release|ULX3S ECP5-45K.ActiveCfg = Release|ULX3S ECP5-45K
		{ABB344AE-1B12-45C6-B99C-4EC327E125FD}.Release|ULX3S ECP5-45K.Build.0 = Release|ULX3S ECP5-45K
		{ABB344AE-1B12-45C6-B99C-4EC327E125FD}.Release|ULX3S ECP5-85K.ActiveCfg = Release|ULX3S ECP5-85K
		{ABB344AE-1B12-45C6-B99C-4EC327E125FD}.Release|ULX3S ECP5-85K.Build.0 = Release|ULX3S ECP5-85K
		{ABB344AE-1B12-45C6-B99C-4EC327E125FD}.Upload|Any CPU.ActiveCfg = Upload|ULX3S ECP5-85K
		{ABB344AE-1B12-45C6-B99C-4EC327E125FD}.Upload|iCEBreaker.ActiveCfg = Upload|iCEBreaker
		{ABB344AE-1B12-45C6-B99C-4EC327E125FD}.Upload|iCEBreaker.Build.0 = Upload|iCEBreaker
		{ABB344AE-1B12-45C6-B99C-4EC327E125FD}.Upload|ULX3S ECP5-12K.ActiveCfg = Upload|ULX3S ECP5-12K
		{ABB344AE-1B12-45C6-B99C-4EC327E125FD}.Upload|ULX3S ECP5-12K.Build.0 = Upload|ULX3S ECP5-12K
		{ABB344AE-1B12-45C6-B99C-4EC327E125FD}.Upload|ULX3S ECP5-45K.ActiveCfg = Upload|ULX3S ECP5-45K
		{ABB344AE-1B12-45C6-B99C-4EC327E125FD}.Upload|ULX3S ECP5-45K.Build.0 = Upload|ULX3S ECP5-45K
		{ABB344AE-1B12-45C6-B99C-4EC327E125FD}.Upload|ULX3S ECP5-85K.ActiveCfg = Upload|ULX3S ECP5-85K
		{ABB344AE-1B12-45C6-B99C-4EC327E125FD}.Upload|ULX3S ECP5-85K.Build.0 = Upload|ULX3S ECP5-85K
		{ABB344AE-1B12-45C6-B99C-4EC327E125FD}.Verify|Any CPU.ActiveCfg = Verify|ULX3S ECP5-85K
		{ABB344AE-1B12-45C6-B99C-4EC327E125FD}.Verify|iCEBreaker.ActiveCfg = Verify|iCEBreaker
		{ABB344AE-1B12-45C6-B99C-4EC327E125FD}.Verify|iCEBreaker.Build.0 = Verify|iCEBreaker
		{ABB344AE-1B12-45C6-B99C-4EC327E125FD}.Verify|ULX3S ECP5-12K.ActiveCfg = Verify|ULX3S ECP5-12K
		{ABB344AE-1B12-45C6-B99C-4EC327E125FD}.Verify|ULX3S ECP5-12K.Build.0 = Verify|ULX3S ECP5-12K
		{ABB344AE-1B12-45C6-B99C-4EC327E125FD}.Verify|ULX3S ECP5-45K.ActiveCfg = Verify|ULX3S ECP5-45K
		{ABB344AE-1B12-45C6-B99C-4EC327E125FD}.Verify|ULX3S ECP5-45K.Build.0 = Verify|ULX3S ECP5-45K
		{ABB344AE-1B12-45C6-B99C-4EC327E125FD}.Verify|ULX3S ECP5-85K.ActiveCfg = Verify|ULX3S ECP5-85K
		{ABB344AE-1B12-45C6-B99C-4EC327E125FD}.Verify|ULX3S ECP5-85K.Build.0 = Verify|ULX3S ECP5-85K
	EndGlobalSection
	GlobalSection(SolutionProperties) = preSolution
		HideSolutionNode = FALSE
	EndGlobalSection
	GlobalSection(ExtensibilityGlobals) = postSolution
		SolutionGuid = {6BA66814-D4DC-4125-9A87-F89490A96C8A}
	EndGlobalSection
EndGlobal
