
Microsoft Visual Studio Solution File, Format Version 12.00
# Visual Studio 15
VisualStudioVersion = 15.0.28307.705
MinimumVisualStudioVersion = 10.0.40219.1
Project("{9A19103F-16F7-4668-BE54-9A1E7A4F7556}") = "ConsoleAppRealtimeTest", "ConsoleAppRealtimeTest.csproj", "{C32098DE-768D-4521-8C70-119A087D9407}"
EndProject
Global
	GlobalSection(SolutionConfigurationPlatforms) = preSolution
		Debug|iCEBreaker = Debug|iCEBreaker
		Debug|ULX3S ECP5-12K = Debug|ULX3S ECP5-12K
		Debug|ULX3S ECP5-45K = Debug|ULX3S ECP5-45K
		Debug|ULX3S ECP5-85K = Debug|ULX3S ECP5-85K
		Debug|x64 = Debug|x64
		OtherConfig|iCEBreaker = OtherConfig|iCEBreaker
		OtherConfig|ULX3S ECP5-12K = OtherConfig|ULX3S ECP5-12K
		OtherConfig|ULX3S ECP5-45K = OtherConfig|ULX3S ECP5-45K
		OtherConfig|ULX3S ECP5-85K = OtherConfig|ULX3S ECP5-85K
		OtherConfig|x64 = OtherConfig|x64
		Release|iCEBreaker = Release|iCEBreaker
		Release|ULX3S ECP5-12K = Release|ULX3S ECP5-12K
		Release|ULX3S ECP5-45K = Release|ULX3S ECP5-45K
		Release|ULX3S ECP5-85K = Release|ULX3S ECP5-85K
		Release|x64 = Release|x64
		Upload|iCEBreaker = Upload|iCEBreaker
		Upload|ULX3S ECP5-12K = Upload|ULX3S ECP5-12K
		Upload|ULX3S ECP5-45K = Upload|ULX3S ECP5-45K
		Upload|ULX3S ECP5-85K = Upload|ULX3S ECP5-85K
		Upload|x64 = Upload|x64
		Verify|iCEBreaker = Verify|iCEBreaker
		Verify|ULX3S ECP5-12K = Verify|ULX3S ECP5-12K
		Verify|ULX3S ECP5-45K = Verify|ULX3S ECP5-45K
		Verify|ULX3S ECP5-85K = Verify|ULX3S ECP5-85K
		Verify|x64 = Verify|x64
	EndGlobalSection
	GlobalSection(ProjectConfigurationPlatforms) = postSolution
		{C32098DE-768D-4521-8C70-119A087D9407}.Debug|iCEBreaker.ActiveCfg = Upload|iCEBreaker
		{C32098DE-768D-4521-8C70-119A087D9407}.Debug|iCEBreaker.Build.0 = Upload|iCEBreaker
		{C32098DE-768D-4521-8C70-119A087D9407}.Debug|ULX3S ECP5-12K.ActiveCfg = Debug|ULX3S ECP5-12K
		{C32098DE-768D-4521-8C70-119A087D9407}.Debug|ULX3S ECP5-12K.Build.0 = Debug|ULX3S ECP5-12K
		{C32098DE-768D-4521-8C70-119A087D9407}.Debug|ULX3S ECP5-45K.ActiveCfg = Debug|ULX3S ECP5-45K
		{C32098DE-768D-4521-8C70-119A087D9407}.Debug|ULX3S ECP5-45K.Build.0 = Debug|ULX3S ECP5-45K
		{C32098DE-768D-4521-8C70-119A087D9407}.Debug|ULX3S ECP5-85K.ActiveCfg = Debug|ULX3S ECP5-85K
		{C32098DE-768D-4521-8C70-119A087D9407}.Debug|ULX3S ECP5-85K.Build.0 = Debug|ULX3S ECP5-85K
		{C32098DE-768D-4521-8C70-119A087D9407}.Debug|x64.ActiveCfg = Debug|ULX3S ECP5-85K
		{C32098DE-768D-4521-8C70-119A087D9407}.OtherConfig|iCEBreaker.ActiveCfg = Verify|iCEBreaker
		{C32098DE-768D-4521-8C70-119A087D9407}.OtherConfig|iCEBreaker.Build.0 = Verify|iCEBreaker
		{C32098DE-768D-4521-8C70-119A087D9407}.OtherConfig|ULX3S ECP5-12K.ActiveCfg = Upload|ULX3S ECP5-12K
		{C32098DE-768D-4521-8C70-119A087D9407}.OtherConfig|ULX3S ECP5-12K.Build.0 = Upload|ULX3S ECP5-12K
		{C32098DE-768D-4521-8C70-119A087D9407}.OtherConfig|ULX3S ECP5-45K.ActiveCfg = Upload|ULX3S ECP5-45K
		{C32098DE-768D-4521-8C70-119A087D9407}.OtherConfig|ULX3S ECP5-45K.Build.0 = Upload|ULX3S ECP5-45K
		{C32098DE-768D-4521-8C70-119A087D9407}.OtherConfig|ULX3S ECP5-85K.ActiveCfg = Upload|ULX3S ECP5-85K
		{C32098DE-768D-4521-8C70-119A087D9407}.OtherConfig|ULX3S ECP5-85K.Build.0 = Upload|ULX3S ECP5-85K
		{C32098DE-768D-4521-8C70-119A087D9407}.OtherConfig|x64.ActiveCfg = Upload|ULX3S ECP5-85K
		{C32098DE-768D-4521-8C70-119A087D9407}.OtherConfig|x64.Build.0 = Upload|ULX3S ECP5-85K
		{C32098DE-768D-4521-8C70-119A087D9407}.Release|iCEBreaker.ActiveCfg = Release|iCEBreaker
		{C32098DE-768D-4521-8C70-119A087D9407}.Release|iCEBreaker.Build.0 = Release|iCEBreaker
		{C32098DE-768D-4521-8C70-119A087D9407}.Release|ULX3S ECP5-12K.ActiveCfg = Release|ULX3S ECP5-12K
		{C32098DE-768D-4521-8C70-119A087D9407}.Release|ULX3S ECP5-12K.Build.0 = Release|ULX3S ECP5-12K
		{C32098DE-768D-4521-8C70-119A087D9407}.Release|ULX3S ECP5-45K.ActiveCfg = Release|ULX3S ECP5-45K
		{C32098DE-768D-4521-8C70-119A087D9407}.Release|ULX3S ECP5-45K.Build.0 = Release|ULX3S ECP5-45K
		{C32098DE-768D-4521-8C70-119A087D9407}.Release|ULX3S ECP5-85K.ActiveCfg = Release|ULX3S ECP5-85K
		{C32098DE-768D-4521-8C70-119A087D9407}.Release|ULX3S ECP5-85K.Build.0 = Release|ULX3S ECP5-85K
		{C32098DE-768D-4521-8C70-119A087D9407}.Release|x64.ActiveCfg = Release|ULX3S ECP5-85K
		{C32098DE-768D-4521-8C70-119A087D9407}.Upload|iCEBreaker.ActiveCfg = Upload|iCEBreaker
		{C32098DE-768D-4521-8C70-119A087D9407}.Upload|iCEBreaker.Build.0 = Upload|iCEBreaker
		{C32098DE-768D-4521-8C70-119A087D9407}.Upload|ULX3S ECP5-12K.ActiveCfg = Upload|ULX3S ECP5-12K
		{C32098DE-768D-4521-8C70-119A087D9407}.Upload|ULX3S ECP5-12K.Build.0 = Upload|ULX3S ECP5-12K
		{C32098DE-768D-4521-8C70-119A087D9407}.Upload|ULX3S ECP5-45K.ActiveCfg = Upload|ULX3S ECP5-45K
		{C32098DE-768D-4521-8C70-119A087D9407}.Upload|ULX3S ECP5-45K.Build.0 = Upload|ULX3S ECP5-45K
		{C32098DE-768D-4521-8C70-119A087D9407}.Upload|ULX3S ECP5-85K.ActiveCfg = Upload|ULX3S ECP5-85K
		{C32098DE-768D-4521-8C70-119A087D9407}.Upload|ULX3S ECP5-85K.Build.0 = Upload|ULX3S ECP5-85K
		{C32098DE-768D-4521-8C70-119A087D9407}.Upload|x64.ActiveCfg = Release|iCEBreaker
		{C32098DE-768D-4521-8C70-119A087D9407}.Upload|x64.Build.0 = Release|iCEBreaker
		{C32098DE-768D-4521-8C70-119A087D9407}.Verify|iCEBreaker.ActiveCfg = Verify|iCEBreaker
		{C32098DE-768D-4521-8C70-119A087D9407}.Verify|iCEBreaker.Build.0 = Verify|iCEBreaker
		{C32098DE-768D-4521-8C70-119A087D9407}.Verify|ULX3S ECP5-12K.ActiveCfg = Verify|ULX3S ECP5-12K
		{C32098DE-768D-4521-8C70-119A087D9407}.Verify|ULX3S ECP5-12K.Build.0 = Verify|ULX3S ECP5-12K
		{C32098DE-768D-4521-8C70-119A087D9407}.Verify|ULX3S ECP5-45K.ActiveCfg = Verify|ULX3S ECP5-45K
		{C32098DE-768D-4521-8C70-119A087D9407}.Verify|ULX3S ECP5-45K.Build.0 = Verify|ULX3S ECP5-45K
		{C32098DE-768D-4521-8C70-119A087D9407}.Verify|ULX3S ECP5-85K.ActiveCfg = Verify|ULX3S ECP5-85K
		{C32098DE-768D-4521-8C70-119A087D9407}.Verify|ULX3S ECP5-85K.Build.0 = Verify|ULX3S ECP5-85K
		{C32098DE-768D-4521-8C70-119A087D9407}.Verify|x64.ActiveCfg = Verify|ULX3S ECP5-85K
	EndGlobalSection
	GlobalSection(SolutionProperties) = preSolution
		HideSolutionNode = FALSE
	EndGlobalSection
	GlobalSection(ExtensibilityGlobals) = postSolution
		SolutionGuid = {582EC528-DC0A-4C50-B5D4-069BF6F71601}
	EndGlobalSection
EndGlobal
